PODS:
  - Alamofire (5.4.4)
  - AlamofireImage (4.2.0):
    - Alamofire (~> 5.4)
  - CocoaLumberjack/Core (3.7.0)
  - CocoaLumberjack/Swift (3.7.0):
    - CocoaLumberjack/Core
  - SwiftFormat/CLI (0.47.11)
  - SwiftLint (0.42.0)
  - SwiftyJSON (5.0.1)

DEPENDENCIES:
  - AlamofireImage
  - CocoaLumberjack/Swift
  - SwiftFormat/CLI
  - SwiftLint
  - SwiftyJSON

SPEC REPOS:
  trunk:
    - Alamofire
    - AlamofireImage
    - CocoaLumberjack
    - SwiftFormat
    - SwiftLint
    - SwiftyJSON

SPEC CHECKSUMS:
  Alamofire: f3b09a368f1582ab751b3fff5460276e0d2cf5c9
  AlamofireImage: 34a2d90b0e5fe6a5605f85ae4b7b01e784c60192
  CocoaLumberjack: e8955b9d337ac307103b0a34fd141c32f27e53c5
  SwiftFormat: 6f2fd4689e09959ba5b690ab950279e33eb6441e
  SwiftLint: 4fa9579c63416865179bc416f0a92d55f009600d
  SwiftyJSON: 2f33a42c6fbc52764d96f13368585094bfd8aa5e

PODFILE CHECKSUM: 983d2396ee9aad781ab77fa7de7bafb60f433cf4

COCOAPODS: 1.10.2
