// !$*UTF8*$!
{
	archiveVersion = 1;
	classes = {
	};
	objectVersion = 51;
	objects = {

/* Begin PBXBuildFile section */
		4EA62E6F3937E67B52A7E763 /* Pods_sessionsTests.framework in Frameworks */ = {isa = PBXBuildFile; fileRef = C3F99F25419BC74EBDB5E79A /* Pods_sessionsTests.framework */; };
		585AA18C1195EFD3011E76B2 /* Pods_sessions.framework in Frameworks */ = {isa = PBXBuildFile; fileRef = 5D3EA3E6FC5EBCA5CCB0486F /* Pods_sessions.framework */; };
		78ACFA13E42FB622E6C51F86 /* Pods_sessions_sessionsUITests.framework in Frameworks */ = {isa = PBXBuildFile; fileRef = BA3B6971C3032B870E4A3F0C /* Pods_sessions_sessionsUITests.framework */; };
		DC3789F3273E8EB800BA0594 /* AppDelegate.swift in Sources */ = {isa = PBXBuildFile; fileRef = DC3789F2273E8EB800BA0594 /* AppDelegate.swift */; };
		DC3789F5273E8EB800BA0594 /* SceneDelegate.swift in Sources */ = {isa = PBXBuildFile; fileRef = DC3789F4273E8EB800BA0594 /* SceneDelegate.swift */; };
		DC3789F7273E8EB800BA0594 /* ViewController.swift in Sources */ = {isa = PBXBuildFile; fileRef = DC3789F6273E8EB800BA0594 /* ViewController.swift */; };
		DC3789FA273E8EB800BA0594 /* Main.storyboard in Resources */ = {isa = PBXBuildFile; fileRef = DC3789F8273E8EB800BA0594 /* Main.storyboard */; };
		DC3789FC273E8EB900BA0594 /* Assets.xcassets in Resources */ = {isa = PBXBuildFile; fileRef = DC3789FB273E8EB900BA0594 /* Assets.xcassets */; };
		DC3789FF273E8EB900BA0594 /* LaunchScreen.storyboard in Resources */ = {isa = PBXBuildFile; fileRef = DC3789FD273E8EB900BA0594 /* LaunchScreen.storyboard */; };
		DC378A0A273E8EBA00BA0594 /* sessionsTests.swift in Sources */ = {isa = PBXBuildFile; fileRef = DC378A09273E8EBA00BA0594 /* sessionsTests.swift */; };
		DC378A15273E8EBA00BA0594 /* sessionsUITests.swift in Sources */ = {isa = PBXBuildFile; fileRef = DC378A14273E8EBA00BA0594 /* sessionsUITests.swift */; };
		DC467A952743CD1A0025EBF3 /* PreviewView.swift in Sources */ = {isa = PBXBuildFile; fileRef = DC467A942743CD1A0025EBF3 /* PreviewView.swift */; };
		DC4722C6276EF17600D7B45E /* String+Extension.swift in Sources */ = {isa = PBXBuildFile; fileRef = DC4722C5276EF17600D7B45E /* String+Extension.swift */; };
		DC5183BF2767262000BC7DE2 /* Localizable.strings in Resources */ = {isa = PBXBuildFile; fileRef = DC5183BE2767262000BC7DE2 /* Localizable.strings */; };
		DC5183C1276728CF00BC7DE2 /* ListViewItem.xib in Resources */ = {isa = PBXBuildFile; fileRef = DC5183C0276728CF00BC7DE2 /* ListViewItem.xib */; };
		DC5183C32767290D00BC7DE2 /* ListViewItem.swift in Sources */ = {isa = PBXBuildFile; fileRef = DC5183C22767290D00BC7DE2 /* ListViewItem.swift */; };
		DC5183CF276A2EB500BC7DE2 /* CallView.xib in Resources */ = {isa = PBXBuildFile; fileRef = DC5183CE276A2EB500BC7DE2 /* CallView.xib */; };
		DC5183D1276A2EC900BC7DE2 /* CallView.swift in Sources */ = {isa = PBXBuildFile; fileRef = DC5183D0276A2EC900BC7DE2 /* CallView.swift */; };
		DCE60D992770894800C6F510 /* SessionListViewController.swift in Sources */ = {isa = PBXBuildFile; fileRef = DCE60D972770894800C6F510 /* SessionListViewController.swift */; };
		DCE60D9A2770894800C6F510 /* SessionListViewController.xib in Resources */ = {isa = PBXBuildFile; fileRef = DCE60D982770894800C6F510 /* SessionListViewController.xib */; };
/* End PBXBuildFile section */

/* Begin PBXContainerItemProxy section */
		DC378A06273E8EBA00BA0594 /* PBXContainerItemProxy */ = {
			isa = PBXContainerItemProxy;
			containerPortal = DC3789E7273E8EB800BA0594 /* Project object */;
			proxyType = 1;
			remoteGlobalIDString = DC3789EE273E8EB800BA0594;
			remoteInfo = sessions;
		};
		DC378A11273E8EBA00BA0594 /* PBXContainerItemProxy */ = {
			isa = PBXContainerItemProxy;
			containerPortal = DC3789E7273E8EB800BA0594 /* Project object */;
			proxyType = 1;
			remoteGlobalIDString = DC3789EE273E8EB800BA0594;
			remoteInfo = sessions;
		};
/* End PBXContainerItemProxy section */

/* Begin PBXFileReference section */
		299D16C2F93C2F567B041119 /* Pods-sessions-sessionsUITests.release.xcconfig */ = {isa = PBXFileReference; includeInIndex = 1; lastKnownFileType = text.xcconfig; name = "Pods-sessions-sessionsUITests.release.xcconfig"; path = "Target Support Files/Pods-sessions-sessionsUITests/Pods-sessions-sessionsUITests.release.xcconfig"; sourceTree = "<group>"; };
		43CF653FF4705D3BB1F465E6 /* Pods-sessionsTests.release.xcconfig */ = {isa = PBXFileReference; includeInIndex = 1; lastKnownFileType = text.xcconfig; name = "Pods-sessionsTests.release.xcconfig"; path = "Target Support Files/Pods-sessionsTests/Pods-sessionsTests.release.xcconfig"; sourceTree = "<group>"; };
		5D3EA3E6FC5EBCA5CCB0486F /* Pods_sessions.framework */ = {isa = PBXFileReference; explicitFileType = wrapper.framework; includeInIndex = 0; path = Pods_sessions.framework; sourceTree = BUILT_PRODUCTS_DIR; };
		8E288FFE09F618F1217D5E3B /* Pods-sessions.release.xcconfig */ = {isa = PBXFileReference; includeInIndex = 1; lastKnownFileType = text.xcconfig; name = "Pods-sessions.release.xcconfig"; path = "Target Support Files/Pods-sessions/Pods-sessions.release.xcconfig"; sourceTree = "<group>"; };
		962C3019BF572AD8C44898E6 /* Pods-sessions.debug.xcconfig */ = {isa = PBXFileReference; includeInIndex = 1; lastKnownFileType = text.xcconfig; name = "Pods-sessions.debug.xcconfig"; path = "Target Support Files/Pods-sessions/Pods-sessions.debug.xcconfig"; sourceTree = "<group>"; };
		9FEFCE5D6BED3F2D17D83ED3 /* Pods-sessions-sessionsUITests.debug.xcconfig */ = {isa = PBXFileReference; includeInIndex = 1; lastKnownFileType = text.xcconfig; name = "Pods-sessions-sessionsUITests.debug.xcconfig"; path = "Target Support Files/Pods-sessions-sessionsUITests/Pods-sessions-sessionsUITests.debug.xcconfig"; sourceTree = "<group>"; };
		BA3B6971C3032B870E4A3F0C /* Pods_sessions_sessionsUITests.framework */ = {isa = PBXFileReference; explicitFileType = wrapper.framework; includeInIndex = 0; path = Pods_sessions_sessionsUITests.framework; sourceTree = BUILT_PRODUCTS_DIR; };
		C3F99F25419BC74EBDB5E79A /* Pods_sessionsTests.framework */ = {isa = PBXFileReference; explicitFileType = wrapper.framework; includeInIndex = 0; path = Pods_sessionsTests.framework; sourceTree = BUILT_PRODUCTS_DIR; };
		D1B8B098775D0459F912E2D6 /* Pods-sessionsTests.debug.xcconfig */ = {isa = PBXFileReference; includeInIndex = 1; lastKnownFileType = text.xcconfig; name = "Pods-sessionsTests.debug.xcconfig"; path = "Target Support Files/Pods-sessionsTests/Pods-sessionsTests.debug.xcconfig"; sourceTree = "<group>"; };
		DC3789EF273E8EB800BA0594 /* sessions.app */ = {isa = PBXFileReference; explicitFileType = wrapper.application; includeInIndex = 0; path = sessions.app; sourceTree = BUILT_PRODUCTS_DIR; };
		DC3789F2273E8EB800BA0594 /* AppDelegate.swift */ = {isa = PBXFileReference; lastKnownFileType = sourcecode.swift; path = AppDelegate.swift; sourceTree = "<group>"; };
		DC3789F4273E8EB800BA0594 /* SceneDelegate.swift */ = {isa = PBXFileReference; lastKnownFileType = sourcecode.swift; path = SceneDelegate.swift; sourceTree = "<group>"; };
		DC3789F6273E8EB800BA0594 /* ViewController.swift */ = {isa = PBXFileReference; lastKnownFileType = sourcecode.swift; path = ViewController.swift; sourceTree = "<group>"; };
		DC3789F9273E8EB800BA0594 /* Base */ = {isa = PBXFileReference; lastKnownFileType = file.storyboard; name = Base; path = Base.lproj/Main.storyboard; sourceTree = "<group>"; };
		DC3789FB273E8EB900BA0594 /* Assets.xcassets */ = {isa = PBXFileReference; lastKnownFileType = folder.assetcatalog; path = Assets.xcassets; sourceTree = "<group>"; };
		DC3789FE273E8EB900BA0594 /* Base */ = {isa = PBXFileReference; lastKnownFileType = file.storyboard; name = Base; path = Base.lproj/LaunchScreen.storyboard; sourceTree = "<group>"; };
		DC378A00273E8EB900BA0594 /* Info.plist */ = {isa = PBXFileReference; lastKnownFileType = text.plist.xml; path = Info.plist; sourceTree = "<group>"; };
		DC378A05273E8EBA00BA0594 /* sessionsTests.xctest */ = {isa = PBXFileReference; explicitFileType = wrapper.cfbundle; includeInIndex = 0; path = sessionsTests.xctest; sourceTree = BUILT_PRODUCTS_DIR; };
		DC378A09273E8EBA00BA0594 /* sessionsTests.swift */ = {isa = PBXFileReference; lastKnownFileType = sourcecode.swift; path = sessionsTests.swift; sourceTree = "<group>"; };
		DC378A0B273E8EBA00BA0594 /* Info.plist */ = {isa = PBXFileReference; lastKnownFileType = text.plist.xml; path = Info.plist; sourceTree = "<group>"; };
		DC378A10273E8EBA00BA0594 /* sessionsUITests.xctest */ = {isa = PBXFileReference; explicitFileType = wrapper.cfbundle; includeInIndex = 0; path = sessionsUITests.xctest; sourceTree = BUILT_PRODUCTS_DIR; };
		DC378A14273E8EBA00BA0594 /* sessionsUITests.swift */ = {isa = PBXFileReference; lastKnownFileType = sourcecode.swift; path = sessionsUITests.swift; sourceTree = "<group>"; };
		DC378A16273E8EBA00BA0594 /* Info.plist */ = {isa = PBXFileReference; lastKnownFileType = text.plist.xml; path = Info.plist; sourceTree = "<group>"; };
		DC467A942743CD1A0025EBF3 /* PreviewView.swift */ = {isa = PBXFileReference; lastKnownFileType = sourcecode.swift; path = PreviewView.swift; sourceTree = "<group>"; };
		DC4722C5276EF17600D7B45E /* String+Extension.swift */ = {isa = PBXFileReference; lastKnownFileType = sourcecode.swift; path = "String+Extension.swift"; sourceTree = "<group>"; };
		DC5183BE2767262000BC7DE2 /* Localizable.strings */ = {isa = PBXFileReference; lastKnownFileType = text.plist.strings; path = Localizable.strings; sourceTree = "<group>"; };
		DC5183C0276728CF00BC7DE2 /* ListViewItem.xib */ = {isa = PBXFileReference; lastKnownFileType = file.xib; path = ListViewItem.xib; sourceTree = "<group>"; };
		DC5183C22767290D00BC7DE2 /* ListViewItem.swift */ = {isa = PBXFileReference; lastKnownFileType = sourcecode.swift; path = ListViewItem.swift; sourceTree = "<group>"; };
		DC5183CE276A2EB500BC7DE2 /* CallView.xib */ = {isa = PBXFileReference; lastKnownFileType = file.xib; path = CallView.xib; sourceTree = "<group>"; };
		DC5183D0276A2EC900BC7DE2 /* CallView.swift */ = {isa = PBXFileReference; lastKnownFileType = sourcecode.swift; path = CallView.swift; sourceTree = "<group>"; };
		DCE60D972770894800C6F510 /* SessionListViewController.swift */ = {isa = PBXFileReference; lastKnownFileType = sourcecode.swift; path = SessionListViewController.swift; sourceTree = "<group>"; };
		DCE60D982770894800C6F510 /* SessionListViewController.xib */ = {isa = PBXFileReference; lastKnownFileType = file.xib; path = SessionListViewController.xib; sourceTree = "<group>"; };
/* End PBXFileReference section */

/* Begin PBXFrameworksBuildPhase section */
		DC3789EC273E8EB800BA0594 /* Frameworks */ = {
			isa = PBXFrameworksBuildPhase;
			buildActionMask = 2147483647;
			files = (
				585AA18C1195EFD3011E76B2 /* Pods_sessions.framework in Frameworks */,
			);
			runOnlyForDeploymentPostprocessing = 0;
		};
		DC378A02273E8EBA00BA0594 /* Frameworks */ = {
			isa = PBXFrameworksBuildPhase;
			buildActionMask = 2147483647;
			files = (
				4EA62E6F3937E67B52A7E763 /* Pods_sessionsTests.framework in Frameworks */,
			);
			runOnlyForDeploymentPostprocessing = 0;
		};
		DC378A0D273E8EBA00BA0594 /* Frameworks */ = {
			isa = PBXFrameworksBuildPhase;
			buildActionMask = 2147483647;
			files = (
				78ACFA13E42FB622E6C51F86 /* Pods_sessions_sessionsUITests.framework in Frameworks */,
			);
			runOnlyForDeploymentPostprocessing = 0;
		};
/* End PBXFrameworksBuildPhase section */

/* Begin PBXGroup section */
		1B864FFB1AA0FC161CD712D0 /* Frameworks */ = {
			isa = PBXGroup;
			children = (
				5D3EA3E6FC5EBCA5CCB0486F /* Pods_sessions.framework */,
				BA3B6971C3032B870E4A3F0C /* Pods_sessions_sessionsUITests.framework */,
				C3F99F25419BC74EBDB5E79A /* Pods_sessionsTests.framework */,
			);
			name = Frameworks;
			sourceTree = "<group>";
		};
		6898D70536BD3D917AF638AD /* Pods */ = {
			isa = PBXGroup;
			children = (
				962C3019BF572AD8C44898E6 /* Pods-sessions.debug.xcconfig */,
				8E288FFE09F618F1217D5E3B /* Pods-sessions.release.xcconfig */,
				9FEFCE5D6BED3F2D17D83ED3 /* Pods-sessions-sessionsUITests.debug.xcconfig */,
				299D16C2F93C2F567B041119 /* Pods-sessions-sessionsUITests.release.xcconfig */,
				D1B8B098775D0459F912E2D6 /* Pods-sessionsTests.debug.xcconfig */,
				43CF653FF4705D3BB1F465E6 /* Pods-sessionsTests.release.xcconfig */,
			);
			path = Pods;
			sourceTree = "<group>";
		};
		DC3789E6273E8EB800BA0594 = {
			isa = PBXGroup;
			children = (
				DC3789F1273E8EB800BA0594 /* sessions */,
				DC378A08273E8EBA00BA0594 /* sessionsTests */,
				DC378A13273E8EBA00BA0594 /* sessionsUITests */,
				DC3789F0273E8EB800BA0594 /* Products */,
				6898D70536BD3D917AF638AD /* Pods */,
				1B864FFB1AA0FC161CD712D0 /* Frameworks */,
			);
			sourceTree = "<group>";
		};
		DC3789F0273E8EB800BA0594 /* Products */ = {
			isa = PBXGroup;
			children = (
				DC3789EF273E8EB800BA0594 /* sessions.app */,
				DC378A05273E8EBA00BA0594 /* sessionsTests.xctest */,
				DC378A10273E8EBA00BA0594 /* sessionsUITests.xctest */,
			);
			name = Products;
			sourceTree = "<group>";
		};
		DC3789F1273E8EB800BA0594 /* sessions */ = {
			isa = PBXGroup;
			children = (
				DC378A00273E8EB900BA0594 /* Info.plist */,
				DC3789F2273E8EB800BA0594 /* AppDelegate.swift */,
				DC3789F4273E8EB800BA0594 /* SceneDelegate.swift */,
				DC3789F6273E8EB800BA0594 /* ViewController.swift */,
				DC3789FB273E8EB900BA0594 /* Assets.xcassets */,
				DC5183BB2767251800BC7DE2 /* Common */,
				DC5183BA276724FE00BC7DE2 /* Extensions */,
				DC5183BC2767252300BC7DE2 /* UI Components */,
				DC3789FD273E8EB900BA0594 /* LaunchScreen.storyboard */,
				DC3789F8273E8EB800BA0594 /* Main.storyboard */,
				DC5183BE2767262000BC7DE2 /* Localizable.strings */,
			);
			path = sessions;
			sourceTree = "<group>";
		};
		DC378A08273E8EBA00BA0594 /* sessionsTests */ = {
			isa = PBXGroup;
			children = (
				DC378A09273E8EBA00BA0594 /* sessionsTests.swift */,
				DC378A0B273E8EBA00BA0594 /* Info.plist */,
			);
			path = sessionsTests;
			sourceTree = "<group>";
		};
		DC378A13273E8EBA00BA0594 /* sessionsUITests */ = {
			isa = PBXGroup;
			children = (
				DC378A14273E8EBA00BA0594 /* sessionsUITests.swift */,
				DC378A16273E8EBA00BA0594 /* Info.plist */,
			);
			path = sessionsUITests;
			sourceTree = "<group>";
		};
		DC5183BA276724FE00BC7DE2 /* Extensions */ = {
			isa = PBXGroup;
			children = (
				DC4722C5276EF17600D7B45E /* String+Extension.swift */,
			);
			path = Extensions;
			sourceTree = "<group>";
		};
		DC5183BB2767251800BC7DE2 /* Common */ = {
			isa = PBXGroup;
			children = (
				DC5183BD2767258800BC7DE2 /* Views */,
			);
			path = Common;
			sourceTree = "<group>";
		};
		DC5183BC2767252300BC7DE2 /* UI Components */ = {
			isa = PBXGroup;
			children = (
				DC5183C92767511C00BC7DE2 /* Views */,
				DC5183C82767510700BC7DE2 /* TableViewCells */,
			);
			path = "UI Components";
			sourceTree = "<group>";
		};
		DC5183BD2767258800BC7DE2 /* Views */ = {
			isa = PBXGroup;
			children = (
				DC467A942743CD1A0025EBF3 /* PreviewView.swift */,
			);
			path = Views;
			sourceTree = "<group>";
		};
		DC5183C82767510700BC7DE2 /* TableViewCells */ = {
			isa = PBXGroup;
			children = (
				DC5183C22767290D00BC7DE2 /* ListViewItem.swift */,
				DC5183C0276728CF00BC7DE2 /* ListViewItem.xib */,
			);
			path = TableViewCells;
			sourceTree = "<group>";
		};
		DC5183C92767511C00BC7DE2 /* Views */ = {
			isa = PBXGroup;
			children = (
				DC5183D0276A2EC900BC7DE2 /* CallView.swift */,
				DC5183CE276A2EB500BC7DE2 /* CallView.xib */,
				DCE60D972770894800C6F510 /* SessionListViewController.swift */,
				DCE60D982770894800C6F510 /* SessionListViewController.xib */,
			);
			path = Views;
			sourceTree = "<group>";
		};
/* End PBXGroup section */

/* Begin PBXNativeTarget section */
		DC3789EE273E8EB800BA0594 /* sessions */ = {
			isa = PBXNativeTarget;
			buildConfigurationList = DC378A19273E8EBA00BA0594 /* Build configuration list for PBXNativeTarget "sessions" */;
			buildPhases = (
				38D9A112A8773489CEF5A847 /* [CP] Check Pods Manifest.lock */,
				DC5183C627674E1C00BC7DE2 /* Run SwiftFormatter */,
				DC3789EB273E8EB800BA0594 /* Sources */,
				DC3789EC273E8EB800BA0594 /* Frameworks */,
				DC3789ED273E8EB800BA0594 /* Resources */,
				2F91CB76A937D98D5E34E44C /* [CP] Embed Pods Frameworks */,
			);
			buildRules = (
			);
			dependencies = (
			);
			name = sessions;
			productName = sessions;
			productReference = DC3789EF273E8EB800BA0594 /* sessions.app */;
			productType = "com.apple.product-type.application";
		};
		DC378A04273E8EBA00BA0594 /* sessionsTests */ = {
			isa = PBXNativeTarget;
			buildConfigurationList = DC378A1C273E8EBA00BA0594 /* Build configuration list for PBXNativeTarget "sessionsTests" */;
			buildPhases = (
				CA5C315FA33B45AA7AA91662 /* [CP] Check Pods Manifest.lock */,
				DC378A01273E8EBA00BA0594 /* Sources */,
				DC378A02273E8EBA00BA0594 /* Frameworks */,
				DC378A03273E8EBA00BA0594 /* Resources */,
			);
			buildRules = (
			);
			dependencies = (
				DC378A07273E8EBA00BA0594 /* PBXTargetDependency */,
			);
			name = sessionsTests;
			productName = sessionsTests;
			productReference = DC378A05273E8EBA00BA0594 /* sessionsTests.xctest */;
			productType = "com.apple.product-type.bundle.unit-test";
		};
		DC378A0F273E8EBA00BA0594 /* sessionsUITests */ = {
			isa = PBXNativeTarget;
			buildConfigurationList = DC378A1F273E8EBA00BA0594 /* Build configuration list for PBXNativeTarget "sessionsUITests" */;
			buildPhases = (
				3B66CF29C670A3D4FB7FE45F /* [CP] Check Pods Manifest.lock */,
				DC378A0C273E8EBA00BA0594 /* Sources */,
				DC378A0D273E8EBA00BA0594 /* Frameworks */,
				DC378A0E273E8EBA00BA0594 /* Resources */,
				14860EF9E747B13F6B459BA5 /* [CP] Embed Pods Frameworks */,
			);
			buildRules = (
			);
			dependencies = (
				DC378A12273E8EBA00BA0594 /* PBXTargetDependency */,
			);
			name = sessionsUITests;
			productName = sessionsUITests;
			productReference = DC378A10273E8EBA00BA0594 /* sessionsUITests.xctest */;
			productType = "com.apple.product-type.bundle.ui-testing";
		};
/* End PBXNativeTarget section */

/* Begin PBXProject section */
		DC3789E7273E8EB800BA0594 /* Project object */ = {
			isa = PBXProject;
			attributes = {
				LastSwiftUpdateCheck = 1250;
				LastUpgradeCheck = 1250;
				TargetAttributes = {
					DC3789EE273E8EB800BA0594 = {
						CreatedOnToolsVersion = 12.5.1;
					};
					DC378A04273E8EBA00BA0594 = {
						CreatedOnToolsVersion = 12.5.1;
						TestTargetID = DC3789EE273E8EB800BA0594;
					};
					DC378A0F273E8EBA00BA0594 = {
						CreatedOnToolsVersion = 12.5.1;
						TestTargetID = DC3789EE273E8EB800BA0594;
					};
				};
			};
			buildConfigurationList = DC3789EA273E8EB800BA0594 /* Build configuration list for PBXProject "sessions" */;
			compatibilityVersion = "Xcode 9.3";
			developmentRegion = en;
			hasScannedForEncodings = 0;
			knownRegions = (
				en,
				Base,
			);
			mainGroup = DC3789E6273E8EB800BA0594;
			productRefGroup = DC3789F0273E8EB800BA0594 /* Products */;
			projectDirPath = "";
			projectRoot = "";
			targets = (
				DC3789EE273E8EB800BA0594 /* sessions */,
				DC378A04273E8EBA00BA0594 /* sessionsTests */,
				DC378A0F273E8EBA00BA0594 /* sessionsUITests */,
			);
		};
/* End PBXProject section */

/* Begin PBXResourcesBuildPhase section */
		DC3789ED273E8EB800BA0594 /* Resources */ = {
			isa = PBXResourcesBuildPhase;
			buildActionMask = 2147483647;
			files = (
				DC5183CF276A2EB500BC7DE2 /* CallView.xib in Resources */,
				DC3789FF273E8EB900BA0594 /* LaunchScreen.storyboard in Resources */,
				DC3789FC273E8EB900BA0594 /* Assets.xcassets in Resources */,
				DC5183C1276728CF00BC7DE2 /* ListViewItem.xib in Resources */,
				DCE60D9A2770894800C6F510 /* SessionListViewController.xib in Resources */,
				DC3789FA273E8EB800BA0594 /* Main.storyboard in Resources */,
				DC5183BF2767262000BC7DE2 /* Localizable.strings in Resources */,
			);
			runOnlyForDeploymentPostprocessing = 0;
		};
		DC378A03273E8EBA00BA0594 /* Resources */ = {
			isa = PBXResourcesBuildPhase;
			buildActionMask = 2147483647;
			files = (
			);
			runOnlyForDeploymentPostprocessing = 0;
		};
		DC378A0E273E8EBA00BA0594 /* Resources */ = {
			isa = PBXResourcesBuildPhase;
			buildActionMask = 2147483647;
			files = (
			);
			runOnlyForDeploymentPostprocessing = 0;
		};
/* End PBXResourcesBuildPhase section */

/* Begin PBXShellScriptBuildPhase section */
		14860EF9E747B13F6B459BA5 /* [CP] Embed Pods Frameworks */ = {
			isa = PBXShellScriptBuildPhase;
			buildActionMask = 2147483647;
			files = (
			);
			inputFileListPaths = (
				"${PODS_ROOT}/Target Support Files/Pods-sessions-sessionsUITests/Pods-sessions-sessionsUITests-frameworks-${CONFIGURATION}-input-files.xcfilelist",
			);
			name = "[CP] Embed Pods Frameworks";
			outputFileListPaths = (
				"${PODS_ROOT}/Target Support Files/Pods-sessions-sessionsUITests/Pods-sessions-sessionsUITests-frameworks-${CONFIGURATION}-output-files.xcfilelist",
			);
			runOnlyForDeploymentPostprocessing = 0;
			shellPath = /bin/sh;
			shellScript = "\"${PODS_ROOT}/Target Support Files/Pods-sessions-sessionsUITests/Pods-sessions-sessionsUITests-frameworks.sh\"\n";
			showEnvVarsInLog = 0;
		};
		2F91CB76A937D98D5E34E44C /* [CP] Embed Pods Frameworks */ = {
			isa = PBXShellScriptBuildPhase;
			buildActionMask = 2147483647;
			files = (
			);
			inputFileListPaths = (
				"${PODS_ROOT}/Target Support Files/Pods-sessions/Pods-sessions-frameworks-${CONFIGURATION}-input-files.xcfilelist",
			);
			name = "[CP] Embed Pods Frameworks";
			outputFileListPaths = (
				"${PODS_ROOT}/Target Support Files/Pods-sessions/Pods-sessions-frameworks-${CONFIGURATION}-output-files.xcfilelist",
			);
			runOnlyForDeploymentPostprocessing = 0;
			shellPath = /bin/sh;
			shellScript = "\"${PODS_ROOT}/Target Support Files/Pods-sessions/Pods-sessions-frameworks.sh\"\n";
			showEnvVarsInLog = 0;
		};
		38D9A112A8773489CEF5A847 /* [CP] Check Pods Manifest.lock */ = {
			isa = PBXShellScriptBuildPhase;
			buildActionMask = 2147483647;
			files = (
			);
			inputFileListPaths = (
			);
			inputPaths = (
				"${PODS_PODFILE_DIR_PATH}/Podfile.lock",
				"${PODS_ROOT}/Manifest.lock",
			);
			name = "[CP] Check Pods Manifest.lock";
			outputFileListPaths = (
			);
			outputPaths = (
				"$(DERIVED_FILE_DIR)/Pods-sessions-checkManifestLockResult.txt",
			);
			runOnlyForDeploymentPostprocessing = 0;
			shellPath = /bin/sh;
			shellScript = "diff \"${PODS_PODFILE_DIR_PATH}/Podfile.lock\" \"${PODS_ROOT}/Manifest.lock\" > /dev/null\nif [ $? != 0 ] ; then\n    # print error to STDERR\n    echo \"error: The sandbox is not in sync with the Podfile.lock. Run 'pod install' or update your CocoaPods installation.\" >&2\n    exit 1\nfi\n# This output is used by Xcode 'outputs' to avoid re-running this script phase.\necho \"SUCCESS\" > \"${SCRIPT_OUTPUT_FILE_0}\"\n";
			showEnvVarsInLog = 0;
		};
		3B66CF29C670A3D4FB7FE45F /* [CP] Check Pods Manifest.lock */ = {
			isa = PBXShellScriptBuildPhase;
			buildActionMask = 2147483647;
			files = (
			);
			inputFileListPaths = (
			);
			inputPaths = (
				"${PODS_PODFILE_DIR_PATH}/Podfile.lock",
				"${PODS_ROOT}/Manifest.lock",
			);
			name = "[CP] Check Pods Manifest.lock";
			outputFileListPaths = (
			);
			outputPaths = (
				"$(DERIVED_FILE_DIR)/Pods-sessions-sessionsUITests-checkManifestLockResult.txt",
			);
			runOnlyForDeploymentPostprocessing = 0;
			shellPath = /bin/sh;
			shellScript = "diff \"${PODS_PODFILE_DIR_PATH}/Podfile.lock\" \"${PODS_ROOT}/Manifest.lock\" > /dev/null\nif [ $? != 0 ] ; then\n    # print error to STDERR\n    echo \"error: The sandbox is not in sync with the Podfile.lock. Run 'pod install' or update your CocoaPods installation.\" >&2\n    exit 1\nfi\n# This output is used by Xcode 'outputs' to avoid re-running this script phase.\necho \"SUCCESS\" > \"${SCRIPT_OUTPUT_FILE_0}\"\n";
			showEnvVarsInLog = 0;
		};
		CA5C315FA33B45AA7AA91662 /* [CP] Check Pods Manifest.lock */ = {
			isa = PBXShellScriptBuildPhase;
			buildActionMask = 2147483647;
			files = (
			);
			inputFileListPaths = (
			);
			inputPaths = (
				"${PODS_PODFILE_DIR_PATH}/Podfile.lock",
				"${PODS_ROOT}/Manifest.lock",
			);
			name = "[CP] Check Pods Manifest.lock";
			outputFileListPaths = (
			);
			outputPaths = (
				"$(DERIVED_FILE_DIR)/Pods-sessionsTests-checkManifestLockResult.txt",
			);
			runOnlyForDeploymentPostprocessing = 0;
			shellPath = /bin/sh;
			shellScript = "diff \"${PODS_PODFILE_DIR_PATH}/Podfile.lock\" \"${PODS_ROOT}/Manifest.lock\" > /dev/null\nif [ $? != 0 ] ; then\n    # print error to STDERR\n    echo \"error: The sandbox is not in sync with the Podfile.lock. Run 'pod install' or update your CocoaPods installation.\" >&2\n    exit 1\nfi\n# This output is used by Xcode 'outputs' to avoid re-running this script phase.\necho \"SUCCESS\" > \"${SCRIPT_OUTPUT_FILE_0}\"\n";
			showEnvVarsInLog = 0;
		};
		DC5183C627674E1C00BC7DE2 /* Run SwiftFormatter */ = {
			isa = PBXShellScriptBuildPhase;
			buildActionMask = 2147483647;
			files = (
			);
			inputFileListPaths = (
			);
			inputPaths = (
			);
			name = "Run SwiftFormatter";
			outputFileListPaths = (
			);
			outputPaths = (
			);
			runOnlyForDeploymentPostprocessing = 0;
			shellPath = /bin/sh;
			shellScript = "if [ -f \"${PODS_ROOT}/SwiftFormat/CommandLineTool/swiftformat\" ]; then\n \n  \"${PODS_ROOT}/SwiftFormat/CommandLineTool/swiftformat\" \"$SRCROOT\"\nelse\n  echo \"warning: SwiftFormat not installed, download from https://github.com/nicklockwood/SwiftFormat\"\nfi\n";
		};
/* End PBXShellScriptBuildPhase section */

/* Begin PBXSourcesBuildPhase section */
		DC3789EB273E8EB800BA0594 /* Sources */ = {
			isa = PBXSourcesBuildPhase;
			buildActionMask = 2147483647;
			files = (
				DC4722C6276EF17600D7B45E /* String+Extension.swift in Sources */,
				DC3789F7273E8EB800BA0594 /* ViewController.swift in Sources */,
				DC5183C32767290D00BC7DE2 /* ListViewItem.swift in Sources */,
				DCE60D992770894800C6F510 /* SessionListViewController.swift in Sources */,
				DC5183D1276A2EC900BC7DE2 /* CallView.swift in Sources */,
				DC467A952743CD1A0025EBF3 /* PreviewView.swift in Sources */,
				DC3789F3273E8EB800BA0594 /* AppDelegate.swift in Sources */,
				DC3789F5273E8EB800BA0594 /* SceneDelegate.swift in Sources */,
			);
			runOnlyForDeploymentPostprocessing = 0;
		};
		DC378A01273E8EBA00BA0594 /* Sources */ = {
			isa = PBXSourcesBuildPhase;
			buildActionMask = 2147483647;
			files = (
				DC378A0A273E8EBA00BA0594 /* sessionsTests.swift in Sources */,
			);
			runOnlyForDeploymentPostprocessing = 0;
		};
		DC378A0C273E8EBA00BA0594 /* Sources */ = {
			isa = PBXSourcesBuildPhase;
			buildActionMask = 2147483647;
			files = (
				DC378A15273E8EBA00BA0594 /* sessionsUITests.swift in Sources */,
			);
			runOnlyForDeploymentPostprocessing = 0;
		};
/* End PBXSourcesBuildPhase section */

/* Begin PBXTargetDependency section */
		DC378A07273E8EBA00BA0594 /* PBXTargetDependency */ = {
			isa = PBXTargetDependency;
			target = DC3789EE273E8EB800BA0594 /* sessions */;
			targetProxy = DC378A06273E8EBA00BA0594 /* PBXContainerItemProxy */;
		};
		DC378A12273E8EBA00BA0594 /* PBXTargetDependency */ = {
			isa = PBXTargetDependency;
			target = DC3789EE273E8EB800BA0594 /* sessions */;
			targetProxy = DC378A11273E8EBA00BA0594 /* PBXContainerItemProxy */;
		};
/* End PBXTargetDependency section */

/* Begin PBXVariantGroup section */
		DC3789F8273E8EB800BA0594 /* Main.storyboard */ = {
			isa = PBXVariantGroup;
			children = (
				DC3789F9273E8EB800BA0594 /* Base */,
			);
			name = Main.storyboard;
			sourceTree = "<group>";
		};
		DC3789FD273E8EB900BA0594 /* LaunchScreen.storyboard */ = {
			isa = PBXVariantGroup;
			children = (
				DC3789FE273E8EB900BA0594 /* Base */,
			);
			name = LaunchScreen.storyboard;
			sourceTree = "<group>";
		};
/* End PBXVariantGroup section */

/* Begin XCBuildConfiguration section */
		DC378A17273E8EBA00BA0594 /* Debug */ = {
			isa = XCBuildConfiguration;
			buildSettings = {
				ALWAYS_SEARCH_USER_PATHS = NO;
				CLANG_ANALYZER_NONNULL = YES;
				CLANG_ANALYZER_NUMBER_OBJECT_CONVERSION = YES_AGGRESSIVE;
				CLANG_CXX_LANGUAGE_STANDARD = "gnu++14";
				CLANG_CXX_LIBRARY = "libc++";
				CLANG_ENABLE_MODULES = YES;
				CLANG_ENABLE_OBJC_ARC = YES;
				CLANG_ENABLE_OBJC_WEAK = YES;
				CLANG_WARN_BLOCK_CAPTURE_AUTORELEASING = YES;
				CLANG_WARN_BOOL_CONVERSION = YES;
				CLANG_WARN_COMMA = YES;
				CLANG_WARN_CONSTANT_CONVERSION = YES;
				CLANG_WARN_DEPRECATED_OBJC_IMPLEMENTATIONS = YES;
				CLANG_WARN_DIRECT_OBJC_ISA_USAGE = YES_ERROR;
				CLANG_WARN_DOCUMENTATION_COMMENTS = YES;
				CLANG_WARN_EMPTY_BODY = YES;
				CLANG_WARN_ENUM_CONVERSION = YES;
				CLANG_WARN_INFINITE_RECURSION = YES;
				CLANG_WARN_INT_CONVERSION = YES;
				CLANG_WARN_NON_LITERAL_NULL_CONVERSION = YES;
				CLANG_WARN_OBJC_IMPLICIT_RETAIN_SELF = YES;
				CLANG_WARN_OBJC_LITERAL_CONVERSION = YES;
				CLANG_WARN_OBJC_ROOT_CLASS = YES_ERROR;
				CLANG_WARN_QUOTED_INCLUDE_IN_FRAMEWORK_HEADER = YES;
				CLANG_WARN_RANGE_LOOP_ANALYSIS = YES;
				CLANG_WARN_STRICT_PROTOTYPES = YES;
				CLANG_WARN_SUSPICIOUS_MOVE = YES;
				CLANG_WARN_UNGUARDED_AVAILABILITY = YES_AGGRESSIVE;
				CLANG_WARN_UNREACHABLE_CODE = YES;
				CLANG_WARN__DUPLICATE_METHOD_MATCH = YES;
				COPY_PHASE_STRIP = NO;
				DEBUG_INFORMATION_FORMAT = dwarf;
				ENABLE_STRICT_OBJC_MSGSEND = YES;
				ENABLE_TESTABILITY = YES;
				GCC_C_LANGUAGE_STANDARD = gnu11;
				GCC_DYNAMIC_NO_PIC = NO;
				GCC_NO_COMMON_BLOCKS = YES;
				GCC_OPTIMIZATION_LEVEL = 0;
				GCC_PREPROCESSOR_DEFINITIONS = (
					"DEBUG=1",
					"$(inherited)",
				);
				GCC_WARN_64_TO_32_BIT_CONVERSION = YES;
				GCC_WARN_ABOUT_RETURN_TYPE = YES_ERROR;
				GCC_WARN_UNDECLARED_SELECTOR = YES;
				GCC_WARN_UNINITIALIZED_AUTOS = YES_AGGRESSIVE;
				GCC_WARN_UNUSED_FUNCTION = YES;
				GCC_WARN_UNUSED_VARIABLE = YES;
				IPHONEOS_DEPLOYMENT_TARGET = 14.5;
				MTL_ENABLE_DEBUG_INFO = INCLUDE_SOURCE;
				MTL_FAST_MATH = YES;
				ONLY_ACTIVE_ARCH = YES;
				SDKROOT = iphoneos;
				SWIFT_ACTIVE_COMPILATION_CONDITIONS = DEBUG;
				SWIFT_OPTIMIZATION_LEVEL = "-Onone";
			};
			name = Debug;
		};
		DC378A18273E8EBA00BA0594 /* Release */ = {
			isa = XCBuildConfiguration;
			buildSettings = {
				ALWAYS_SEARCH_USER_PATHS = NO;
				CLANG_ANALYZER_NONNULL = YES;
				CLANG_ANALYZER_NUMBER_OBJECT_CONVERSION = YES_AGGRESSIVE;
				CLANG_CXX_LANGUAGE_STANDARD = "gnu++14";
				CLANG_CXX_LIBRARY = "libc++";
				CLANG_ENABLE_MODULES = YES;
				CLANG_ENABLE_OBJC_ARC = YES;
				CLANG_ENABLE_OBJC_WEAK = YES;
				CLANG_WARN_BLOCK_CAPTURE_AUTORELEASING = YES;
				CLANG_WARN_BOOL_CONVERSION = YES;
				CLANG_WARN_COMMA = YES;
				CLANG_WARN_CONSTANT_CONVERSION = YES;
				CLANG_WARN_DEPRECATED_OBJC_IMPLEMENTATIONS = YES;
				CLANG_WARN_DIRECT_OBJC_ISA_USAGE = YES_ERROR;
				CLANG_WARN_DOCUMENTATION_COMMENTS = YES;
				CLANG_WARN_EMPTY_BODY = YES;
				CLANG_WARN_ENUM_CONVERSION = YES;
				CLANG_WARN_INFINITE_RECURSION = YES;
				CLANG_WARN_INT_CONVERSION = YES;
				CLANG_WARN_NON_LITERAL_NULL_CONVERSION = YES;
				CLANG_WARN_OBJC_IMPLICIT_RETAIN_SELF = YES;
				CLANG_WARN_OBJC_LITERAL_CONVERSION = YES;
				CLANG_WARN_OBJC_ROOT_CLASS = YES_ERROR;
				CLANG_WARN_QUOTED_INCLUDE_IN_FRAMEWORK_HEADER = YES;
				CLANG_WARN_RANGE_LOOP_ANALYSIS = YES;
				CLANG_WARN_STRICT_PROTOTYPES = YES;
				CLANG_WARN_SUSPICIOUS_MOVE = YES;
				CLANG_WARN_UNGUARDED_AVAILABILITY = YES_AGGRESSIVE;
				CLANG_WARN_UNREACHABLE_CODE = YES;
				CLANG_WARN__DUPLICATE_METHOD_MATCH = YES;
				COPY_PHASE_STRIP = NO;
				DEBUG_INFORMATION_FORMAT = "dwarf-with-dsym";
				ENABLE_NS_ASSERTIONS = NO;
				ENABLE_STRICT_OBJC_MSGSEND = YES;
				GCC_C_LANGUAGE_STANDARD = gnu11;
				GCC_NO_COMMON_BLOCKS = YES;
				GCC_WARN_64_TO_32_BIT_CONVERSION = YES;
				GCC_WARN_ABOUT_RETURN_TYPE = YES_ERROR;
				GCC_WARN_UNDECLARED_SELECTOR = YES;
				GCC_WARN_UNINITIALIZED_AUTOS = YES_AGGRESSIVE;
				GCC_WARN_UNUSED_FUNCTION = YES;
				GCC_WARN_UNUSED_VARIABLE = YES;
				IPHONEOS_DEPLOYMENT_TARGET = 14.5;
				MTL_ENABLE_DEBUG_INFO = NO;
				MTL_FAST_MATH = YES;
				SDKROOT = iphoneos;
				SWIFT_COMPILATION_MODE = wholemodule;
				SWIFT_OPTIMIZATION_LEVEL = "-O";
				VALIDATE_PRODUCT = YES;
			};
			name = Release;
		};
		DC378A1A273E8EBA00BA0594 /* Debug */ = {
			isa = XCBuildConfiguration;
			baseConfigurationReference = 962C3019BF572AD8C44898E6 /* Pods-sessions.debug.xcconfig */;
			buildSettings = {
				ASSETCATALOG_COMPILER_APPICON_NAME = AppIcon;
				ASSETCATALOG_COMPILER_GLOBAL_ACCENT_COLOR_NAME = AccentColor;
				CODE_SIGN_STYLE = Automatic;
				DEVELOPMENT_TEAM = SY8Q6736C7;
				INFOPLIST_FILE = sessions/Info.plist;
				IPHONEOS_DEPLOYMENT_TARGET = 13.0;
				LD_RUNPATH_SEARCH_PATHS = (
					"$(inherited)",
					"@executable_path/Frameworks",
				);
				PRODUCT_BUNDLE_IDENTIFIER = buzz.getcoco.sessions;
				PRODUCT_NAME = "$(TARGET_NAME)";
				SWIFT_VERSION = 5.0;
				TARGETED_DEVICE_FAMILY = "1,2";
			};
			name = Debug;
		};
		DC378A1B273E8EBA00BA0594 /* Release */ = {
			isa = XCBuildConfiguration;
			baseConfigurationReference = 8E288FFE09F618F1217D5E3B /* Pods-sessions.release.xcconfig */;
			buildSettings = {
				ASSETCATALOG_COMPILER_APPICON_NAME = AppIcon;
				ASSETCATALOG_COMPILER_GLOBAL_ACCENT_COLOR_NAME = AccentColor;
				CODE_SIGN_STYLE = Automatic;
				DEVELOPMENT_TEAM = SY8Q6736C7;
				INFOPLIST_FILE = sessions/Info.plist;
				IPHONEOS_DEPLOYMENT_TARGET = 13.0;
				LD_RUNPATH_SEARCH_PATHS = (
					"$(inherited)",
					"@executable_path/Frameworks",
				);
				PRODUCT_BUNDLE_IDENTIFIER = buzz.getcoco.sessions;
				PRODUCT_NAME = "$(TARGET_NAME)";
				SWIFT_VERSION = 5.0;
				TARGETED_DEVICE_FAMILY = "1,2";
			};
			name = Release;
		};
		DC378A1D273E8EBA00BA0594 /* Debug */ = {
			isa = XCBuildConfiguration;
			baseConfigurationReference = D1B8B098775D0459F912E2D6 /* Pods-sessionsTests.debug.xcconfig */;
			buildSettings = {
				ALWAYS_EMBED_SWIFT_STANDARD_LIBRARIES = YES;
				BUNDLE_LOADER = "$(TEST_HOST)";
				CODE_SIGN_STYLE = Automatic;
				DEVELOPMENT_TEAM = SY8Q6736C7;
				INFOPLIST_FILE = sessionsTests/Info.plist;
				IPHONEOS_DEPLOYMENT_TARGET = 14.5;
				LD_RUNPATH_SEARCH_PATHS = (
					"$(inherited)",
					"@executable_path/Frameworks",
					"@loader_path/Frameworks",
				);
				PRODUCT_BUNDLE_IDENTIFIER = buzz.getcoco.sessionsTests;
				PRODUCT_NAME = "$(TARGET_NAME)";
				SWIFT_VERSION = 5.0;
				TARGETED_DEVICE_FAMILY = "1,2";
				TEST_HOST = "$(BUILT_PRODUCTS_DIR)/sessions.app/sessions";
			};
			name = Debug;
		};
		DC378A1E273E8EBA00BA0594 /* Release */ = {
			isa = XCBuildConfiguration;
			baseConfigurationReference = 43CF653FF4705D3BB1F465E6 /* Pods-sessionsTests.release.xcconfig */;
			buildSettings = {
				ALWAYS_EMBED_SWIFT_STANDARD_LIBRARIES = YES;
				BUNDLE_LOADER = "$(TEST_HOST)";
				CODE_SIGN_STYLE = Automatic;
				DEVELOPMENT_TEAM = SY8Q6736C7;
				INFOPLIST_FILE = sessionsTests/Info.plist;
				IPHONEOS_DEPLOYMENT_TARGET = 14.5;
				LD_RUNPATH_SEARCH_PATHS = (
					"$(inherited)",
					"@executable_path/Frameworks",
					"@loader_path/Frameworks",
				);
				PRODUCT_BUNDLE_IDENTIFIER = buzz.getcoco.sessionsTests;
				PRODUCT_NAME = "$(TARGET_NAME)";
				SWIFT_VERSION = 5.0;
				TARGETED_DEVICE_FAMILY = "1,2";
				TEST_HOST = "$(BUILT_PRODUCTS_DIR)/sessions.app/sessions";
			};
			name = Release;
		};
		DC378A20273E8EBA00BA0594 /* Debug */ = {
			isa = XCBuildConfiguration;
			baseConfigurationReference = 9FEFCE5D6BED3F2D17D83ED3 /* Pods-sessions-sessionsUITests.debug.xcconfig */;
			buildSettings = {
				ALWAYS_EMBED_SWIFT_STANDARD_LIBRARIES = YES;
				CODE_SIGN_STYLE = Automatic;
				DEVELOPMENT_TEAM = SY8Q6736C7;
				INFOPLIST_FILE = sessionsUITests/Info.plist;
				LD_RUNPATH_SEARCH_PATHS = (
					"$(inherited)",
					"@executable_path/Frameworks",
					"@loader_path/Frameworks",
				);
				PRODUCT_BUNDLE_IDENTIFIER = buzz.getcoco.sessionsUITests;
				PRODUCT_NAME = "$(TARGET_NAME)";
				SWIFT_VERSION = 5.0;
				TARGETED_DEVICE_FAMILY = "1,2";
				TEST_TARGET_NAME = sessions;
			};
			name = Debug;
		};
		DC378A21273E8EBA00BA0594 /* Release */ = {
			isa = XCBuildConfiguration;
			baseConfigurationReference = 299D16C2F93C2F567B041119 /* Pods-sessions-sessionsUITests.release.xcconfig */;
			buildSettings = {
				ALWAYS_EMBED_SWIFT_STANDARD_LIBRARIES = YES;
				CODE_SIGN_STYLE = Automatic;
				DEVELOPMENT_TEAM = SY8Q6736C7;
				INFOPLIST_FILE = sessionsUITests/Info.plist;
				LD_RUNPATH_SEARCH_PATHS = (
					"$(inherited)",
					"@executable_path/Frameworks",
					"@loader_path/Frameworks",
				);
				PRODUCT_BUNDLE_IDENTIFIER = buzz.getcoco.sessionsUITests;
				PRODUCT_NAME = "$(TARGET_NAME)";
				SWIFT_VERSION = 5.0;
				TARGETED_DEVICE_FAMILY = "1,2";
				TEST_TARGET_NAME = sessions;
			};
			name = Release;
		};
/* End XCBuildConfiguration section */

/* Begin XCConfigurationList section */
		DC3789EA273E8EB800BA0594 /* Build configuration list for PBXProject "sessions" */ = {
			isa = XCConfigurationList;
			buildConfigurations = (
				DC378A17273E8EBA00BA0594 /* Debug */,
				DC378A18273E8EBA00BA0594 /* Release */,
			);
			defaultConfigurationIsVisible = 0;
			defaultConfigurationName = Release;
		};
		DC378A19273E8EBA00BA0594 /* Build configuration list for PBXNativeTarget "sessions" */ = {
			isa = XCConfigurationList;
			buildConfigurations = (
				DC378A1A273E8EBA00BA0594 /* Debug */,
				DC378A1B273E8EBA00BA0594 /* Release */,
			);
			defaultConfigurationIsVisible = 0;
			defaultConfigurationName = Release;
		};
		DC378A1C273E8EBA00BA0594 /* Build configuration list for PBXNativeTarget "sessionsTests" */ = {
			isa = XCConfigurationList;
			buildConfigurations = (
				DC378A1D273E8EBA00BA0594 /* Debug */,
				DC378A1E273E8EBA00BA0594 /* Release */,
			);
			defaultConfigurationIsVisible = 0;
			defaultConfigurationName = Release;
		};
		DC378A1F273E8EBA00BA0594 /* Build configuration list for PBXNativeTarget "sessionsUITests" */ = {
			isa = XCConfigurationList;
			buildConfigurations = (
				DC378A20273E8EBA00BA0594 /* Debug */,
				DC378A21273E8EBA00BA0594 /* Release */,
			);
			defaultConfigurationIsVisible = 0;
			defaultConfigurationName = Release;
		};
/* End XCConfigurationList section */
	};
	rootObject = DC3789E7273E8EB800BA0594 /* Project object */;
}
