// !$*UTF8*$!
{
	archiveVersion = 1;
	classes = {
	};
	objectVersion = 51;
	objects = {

/* Begin PBXBuildFile section */
		473E9B10CF6414D81924D77F /* Pods_sessions_sessionsUITests.framework in Frameworks */ = {isa = PBXBuildFile; fileRef = 0CAE9FFA252D0DDBDC448401 /* Pods_sessions_sessionsUITests.framework */; };
		668BD3F5F45B9B9D9C32AA52 /* Pods_sessionsTests.framework in Frameworks */ = {isa = PBXBuildFile; fileRef = 31638245ABF3AD8D21AD0F16 /* Pods_sessionsTests.framework */; };
		7E5A53FB28E31A53003A211F /* CaptureManager.swift in Sources */ = {isa = PBXBuildFile; fileRef = 7E5A53FA28E31A53003A211F /* CaptureManager.swift */; };
		7E5A53FD28E326D8003A211F /* CaptureClient.swift in Sources */ = {isa = PBXBuildFile; fileRef = 7E5A53FC28E326D8003A211F /* CaptureClient.swift */; };
		7E8ACEEE2930DC95000A4F8D /* PaddingTextField.swift in Sources */ = {isa = PBXBuildFile; fileRef = 7E8ACEED2930DC95000A4F8D /* PaddingTextField.swift */; };
		7EED7AEC2934D7EB0085240F /* MessageView.swift in Sources */ = {isa = PBXBuildFile; fileRef = 7EED7AEB2934D7EB0085240F /* MessageView.swift */; };
		7EED7AEE2934D8760085240F /* UIView+Extension.swift in Sources */ = {isa = PBXBuildFile; fileRef = 7EED7AED2934D8760085240F /* UIView+Extension.swift */; };
		7EED7AF02934D9C30085240F /* MessageView.xib in Resources */ = {isa = PBXBuildFile; fileRef = 7EED7AEF2934D9C30085240F /* MessageView.xib */; };
		7EF1893F292637980039953C /* InviteViewController.swift in Sources */ = {isa = PBXBuildFile; fileRef = 7EF1893E292637980039953C /* InviteViewController.swift */; };
		7EF18941292637EC0039953C /* InviteViewController.xib in Resources */ = {isa = PBXBuildFile; fileRef = 7EF18940292637EC0039953C /* InviteViewController.xib */; };
		92DA176190062F97508D6D49 /* Pods_sessions.framework in Frameworks */ = {isa = PBXBuildFile; fileRef = B5C557396B3F8C739497D523 /* Pods_sessions.framework */; };
		DC3789F3273E8EB800BA0594 /* AppDelegate.swift in Sources */ = {isa = PBXBuildFile; fileRef = DC3789F2273E8EB800BA0594 /* AppDelegate.swift */; };
		DC3789F5273E8EB800BA0594 /* SceneDelegate.swift in Sources */ = {isa = PBXBuildFile; fileRef = DC3789F4273E8EB800BA0594 /* SceneDelegate.swift */; };
		DC3789F7273E8EB800BA0594 /* LoginViewController.swift in Sources */ = {isa = PBXBuildFile; fileRef = DC3789F6273E8EB800BA0594 /* LoginViewController.swift */; };
		DC3789FA273E8EB800BA0594 /* Main.storyboard in Resources */ = {isa = PBXBuildFile; fileRef = DC3789F8273E8EB800BA0594 /* Main.storyboard */; };
		DC3789FC273E8EB900BA0594 /* Assets.xcassets in Resources */ = {isa = PBXBuildFile; fileRef = DC3789FB273E8EB900BA0594 /* Assets.xcassets */; };
		DC3789FF273E8EB900BA0594 /* LaunchScreen.storyboard in Resources */ = {isa = PBXBuildFile; fileRef = DC3789FD273E8EB900BA0594 /* LaunchScreen.storyboard */; };
		DC378A0A273E8EBA00BA0594 /* sessionsTests.swift in Sources */ = {isa = PBXBuildFile; fileRef = DC378A09273E8EBA00BA0594 /* sessionsTests.swift */; };
		DC378A15273E8EBA00BA0594 /* sessionsUITests.swift in Sources */ = {isa = PBXBuildFile; fileRef = DC378A14273E8EBA00BA0594 /* sessionsUITests.swift */; };
		DC467A952743CD1A0025EBF3 /* PreviewView.swift in Sources */ = {isa = PBXBuildFile; fileRef = DC467A942743CD1A0025EBF3 /* PreviewView.swift */; };
		DC4722C6276EF17600D7B45E /* String+Extension.swift in Sources */ = {isa = PBXBuildFile; fileRef = DC4722C5276EF17600D7B45E /* String+Extension.swift */; };
		DC5183BF2767262000BC7DE2 /* Localizable.strings in Resources */ = {isa = PBXBuildFile; fileRef = DC5183BE2767262000BC7DE2 /* Localizable.strings */; };
		DC5183C1276728CF00BC7DE2 /* ListViewItem.xib in Resources */ = {isa = PBXBuildFile; fileRef = DC5183C0276728CF00BC7DE2 /* ListViewItem.xib */; };
		DC5183C32767290D00BC7DE2 /* ListViewItem.swift in Sources */ = {isa = PBXBuildFile; fileRef = DC5183C22767290D00BC7DE2 /* ListViewItem.swift */; };
		DC621D4A2770B2D6000A3029 /* Global.swift in Sources */ = {isa = PBXBuildFile; fileRef = DC621D492770B2D6000A3029 /* Global.swift */; };
		DC621D4D2770B8DD000A3029 /* AuthenticationService.swift in Sources */ = {isa = PBXBuildFile; fileRef = DC621D4C2770B8DD000A3029 /* AuthenticationService.swift */; };
		DC621D5727710FBC000A3029 /* UIViewController+Extension.swift in Sources */ = {isa = PBXBuildFile; fileRef = DC621D5627710FBC000A3029 /* UIViewController+Extension.swift */; };
		DC8960A72771CBC300CF4196 /* RestApiHeaders.swift in Sources */ = {isa = PBXBuildFile; fileRef = DC8960A62771CBC300CF4196 /* RestApiHeaders.swift */; };
		DC8960A927720B2C00CF4196 /* Models.swift in Sources */ = {isa = PBXBuildFile; fileRef = DC8960A827720B2C00CF4196 /* Models.swift */; };
		DC8960AB27720D2B00CF4196 /* AlamofireManager.swift in Sources */ = {isa = PBXBuildFile; fileRef = DC8960AA27720D2B00CF4196 /* AlamofireManager.swift */; };
		DC8960AE2772270600CF4196 /* UserDataManager.swift in Sources */ = {isa = PBXBuildFile; fileRef = DC8960AD2772270600CF4196 /* UserDataManager.swift */; };
		DC923184279689C30009F355 /* LaunchScreenController.swift in Sources */ = {isa = PBXBuildFile; fileRef = DC923183279689C30009F355 /* LaunchScreenController.swift */; };
		DC9E24E9278808260073CECF /* NetworkService.swift in Sources */ = {isa = PBXBuildFile; fileRef = DC9E24E8278808260073CECF /* NetworkService.swift */; };
		DC9E24EC278B061A0073CECF /* CreateSessionViewController.swift in Sources */ = {isa = PBXBuildFile; fileRef = DC9E24EA278B061A0073CECF /* CreateSessionViewController.swift */; };
		DC9E24ED278B061A0073CECF /* CreateSessionViewController.xib in Resources */ = {isa = PBXBuildFile; fileRef = DC9E24EB278B061A0073CECF /* CreateSessionViewController.xib */; };
		DC9E24EF278B12D50073CECF /* SpinnerView.swift in Sources */ = {isa = PBXBuildFile; fileRef = DC9E24EE278B12D50073CECF /* SpinnerView.swift */; };
		DCAC6A092785C46B003F0C98 /* UITableView+Extension.swift in Sources */ = {isa = PBXBuildFile; fileRef = DCAC6A082785C46B003F0C98 /* UITableView+Extension.swift */; };
		DCE60D992770894800C6F510 /* SessionListViewController.swift in Sources */ = {isa = PBXBuildFile; fileRef = DCE60D972770894800C6F510 /* SessionListViewController.swift */; };
		DCE60D9A2770894800C6F510 /* SessionListViewController.xib in Resources */ = {isa = PBXBuildFile; fileRef = DCE60D982770894800C6F510 /* SessionListViewController.xib */; };
		DCE60DA1277090FE00C6F510 /* SessionCallViewController.swift in Sources */ = {isa = PBXBuildFile; fileRef = DCE60D9F277090FE00C6F510 /* SessionCallViewController.swift */; };
		DCE60DA2277090FE00C6F510 /* SessionCallViewController.xib in Resources */ = {isa = PBXBuildFile; fileRef = DCE60DA0277090FE00C6F510 /* SessionCallViewController.xib */; };
/* End PBXBuildFile section */

/* Begin PBXContainerItemProxy section */
		DC378A06273E8EBA00BA0594 /* PBXContainerItemProxy */ = {
			isa = PBXContainerItemProxy;
			containerPortal = DC3789E7273E8EB800BA0594 /* Project object */;
			proxyType = 1;
			remoteGlobalIDString = DC3789EE273E8EB800BA0594;
			remoteInfo = sessions;
		};
		DC378A11273E8EBA00BA0594 /* PBXContainerItemProxy */ = {
			isa = PBXContainerItemProxy;
			containerPortal = DC3789E7273E8EB800BA0594 /* Project object */;
			proxyType = 1;
			remoteGlobalIDString = DC3789EE273E8EB800BA0594;
			remoteInfo = sessions;
		};
/* End PBXContainerItemProxy section */

/* Begin PBXCopyFilesBuildPhase section */
		DCCADC7C277284C30067BDA8 /* Embed Frameworks */ = {
			isa = PBXCopyFilesBuildPhase;
			buildActionMask = 2147483647;
			dstPath = "";
			dstSubfolderSpec = 10;
			files = (
			);
			name = "Embed Frameworks";
			runOnlyForDeploymentPostprocessing = 0;
		};
/* End PBXCopyFilesBuildPhase section */

/* Begin PBXFileReference section */
		0CAE9FFA252D0DDBDC448401 /* Pods_sessions_sessionsUITests.framework */ = {isa = PBXFileReference; explicitFileType = wrapper.framework; includeInIndex = 0; path = Pods_sessions_sessionsUITests.framework; sourceTree = BUILT_PRODUCTS_DIR; };
		184F29554C37FDF573CEE6A0 /* Pods-sessions-sessionsUITests.debug.xcconfig */ = {isa = PBXFileReference; includeInIndex = 1; lastKnownFileType = text.xcconfig; name = "Pods-sessions-sessionsUITests.debug.xcconfig"; path = "Target Support Files/Pods-sessions-sessionsUITests/Pods-sessions-sessionsUITests.debug.xcconfig"; sourceTree = "<group>"; };
		31638245ABF3AD8D21AD0F16 /* Pods_sessionsTests.framework */ = {isa = PBXFileReference; explicitFileType = wrapper.framework; includeInIndex = 0; path = Pods_sessionsTests.framework; sourceTree = BUILT_PRODUCTS_DIR; };
		69BD9B0FFAACAB8D7A760E00 /* Pods-sessions-sessionsUITests.release.xcconfig */ = {isa = PBXFileReference; includeInIndex = 1; lastKnownFileType = text.xcconfig; name = "Pods-sessions-sessionsUITests.release.xcconfig"; path = "Target Support Files/Pods-sessions-sessionsUITests/Pods-sessions-sessionsUITests.release.xcconfig"; sourceTree = "<group>"; };
		7E5A53FA28E31A53003A211F /* CaptureManager.swift */ = {isa = PBXFileReference; lastKnownFileType = sourcecode.swift; path = CaptureManager.swift; sourceTree = "<group>"; };
		7E5A53FC28E326D8003A211F /* CaptureClient.swift */ = {isa = PBXFileReference; lastKnownFileType = sourcecode.swift; path = CaptureClient.swift; sourceTree = "<group>"; };
		7E8ACEED2930DC95000A4F8D /* PaddingTextField.swift */ = {isa = PBXFileReference; lastKnownFileType = sourcecode.swift; path = PaddingTextField.swift; sourceTree = "<group>"; };
		7EED7AEB2934D7EB0085240F /* MessageView.swift */ = {isa = PBXFileReference; lastKnownFileType = sourcecode.swift; path = MessageView.swift; sourceTree = "<group>"; };
		7EED7AED2934D8760085240F /* UIView+Extension.swift */ = {isa = PBXFileReference; lastKnownFileType = sourcecode.swift; path = "UIView+Extension.swift"; sourceTree = "<group>"; };
		7EED7AEF2934D9C30085240F /* MessageView.xib */ = {isa = PBXFileReference; lastKnownFileType = file.xib; path = MessageView.xib; sourceTree = "<group>"; };
		7EF1893E292637980039953C /* InviteViewController.swift */ = {isa = PBXFileReference; lastKnownFileType = sourcecode.swift; path = InviteViewController.swift; sourceTree = "<group>"; };
		7EF18940292637EC0039953C /* InviteViewController.xib */ = {isa = PBXFileReference; lastKnownFileType = file.xib; path = InviteViewController.xib; sourceTree = "<group>"; };
		858E4A51227B08D2C3122228 /* Pods-sessions.release.xcconfig */ = {isa = PBXFileReference; includeInIndex = 1; lastKnownFileType = text.xcconfig; name = "Pods-sessions.release.xcconfig"; path = "Target Support Files/Pods-sessions/Pods-sessions.release.xcconfig"; sourceTree = "<group>"; };
		9012D480706A388F2A5BCC30 /* Pods-sessionsTests.release.xcconfig */ = {isa = PBXFileReference; includeInIndex = 1; lastKnownFileType = text.xcconfig; name = "Pods-sessionsTests.release.xcconfig"; path = "Target Support Files/Pods-sessionsTests/Pods-sessionsTests.release.xcconfig"; sourceTree = "<group>"; };
		B567220CA6A4EF7A4ABCDDF4 /* Pods-sessionsTests.debug.xcconfig */ = {isa = PBXFileReference; includeInIndex = 1; lastKnownFileType = text.xcconfig; name = "Pods-sessionsTests.debug.xcconfig"; path = "Target Support Files/Pods-sessionsTests/Pods-sessionsTests.debug.xcconfig"; sourceTree = "<group>"; };
		B5C557396B3F8C739497D523 /* Pods_sessions.framework */ = {isa = PBXFileReference; explicitFileType = wrapper.framework; includeInIndex = 0; path = Pods_sessions.framework; sourceTree = BUILT_PRODUCTS_DIR; };
		B9D857BAF440B3F82A242329 /* Pods-sessions.debug.xcconfig */ = {isa = PBXFileReference; includeInIndex = 1; lastKnownFileType = text.xcconfig; name = "Pods-sessions.debug.xcconfig"; path = "Target Support Files/Pods-sessions/Pods-sessions.debug.xcconfig"; sourceTree = "<group>"; };
		DC3789EF273E8EB800BA0594 /* sessions.app */ = {isa = PBXFileReference; explicitFileType = wrapper.application; includeInIndex = 0; path = sessions.app; sourceTree = BUILT_PRODUCTS_DIR; };
		DC3789F2273E8EB800BA0594 /* AppDelegate.swift */ = {isa = PBXFileReference; lastKnownFileType = sourcecode.swift; path = AppDelegate.swift; sourceTree = "<group>"; };
		DC3789F4273E8EB800BA0594 /* SceneDelegate.swift */ = {isa = PBXFileReference; lastKnownFileType = sourcecode.swift; path = SceneDelegate.swift; sourceTree = "<group>"; };
		DC3789F6273E8EB800BA0594 /* LoginViewController.swift */ = {isa = PBXFileReference; lastKnownFileType = sourcecode.swift; path = LoginViewController.swift; sourceTree = "<group>"; };
		DC3789F9273E8EB800BA0594 /* Base */ = {isa = PBXFileReference; lastKnownFileType = file.storyboard; name = Base; path = Base.lproj/Main.storyboard; sourceTree = "<group>"; };
		DC3789FB273E8EB900BA0594 /* Assets.xcassets */ = {isa = PBXFileReference; lastKnownFileType = folder.assetcatalog; path = Assets.xcassets; sourceTree = "<group>"; };
		DC3789FE273E8EB900BA0594 /* Base */ = {isa = PBXFileReference; lastKnownFileType = file.storyboard; name = Base; path = Base.lproj/LaunchScreen.storyboard; sourceTree = "<group>"; };
		DC378A00273E8EB900BA0594 /* Info.plist */ = {isa = PBXFileReference; lastKnownFileType = text.plist.xml; path = Info.plist; sourceTree = "<group>"; };
		DC378A05273E8EBA00BA0594 /* sessionsTests.xctest */ = {isa = PBXFileReference; explicitFileType = wrapper.cfbundle; includeInIndex = 0; path = sessionsTests.xctest; sourceTree = BUILT_PRODUCTS_DIR; };
		DC378A09273E8EBA00BA0594 /* sessionsTests.swift */ = {isa = PBXFileReference; lastKnownFileType = sourcecode.swift; path = sessionsTests.swift; sourceTree = "<group>"; };
		DC378A0B273E8EBA00BA0594 /* Info.plist */ = {isa = PBXFileReference; lastKnownFileType = text.plist.xml; path = Info.plist; sourceTree = "<group>"; };
		DC378A10273E8EBA00BA0594 /* sessionsUITests.xctest */ = {isa = PBXFileReference; explicitFileType = wrapper.cfbundle; includeInIndex = 0; path = sessionsUITests.xctest; sourceTree = BUILT_PRODUCTS_DIR; };
		DC378A14273E8EBA00BA0594 /* sessionsUITests.swift */ = {isa = PBXFileReference; lastKnownFileType = sourcecode.swift; path = sessionsUITests.swift; sourceTree = "<group>"; };
		DC378A16273E8EBA00BA0594 /* Info.plist */ = {isa = PBXFileReference; lastKnownFileType = text.plist.xml; path = Info.plist; sourceTree = "<group>"; };
		DC467A942743CD1A0025EBF3 /* PreviewView.swift */ = {isa = PBXFileReference; lastKnownFileType = sourcecode.swift; path = PreviewView.swift; sourceTree = "<group>"; };
		DC4722C5276EF17600D7B45E /* String+Extension.swift */ = {isa = PBXFileReference; lastKnownFileType = sourcecode.swift; path = "String+Extension.swift"; sourceTree = "<group>"; };
		DC5183BE2767262000BC7DE2 /* Localizable.strings */ = {isa = PBXFileReference; lastKnownFileType = text.plist.strings; path = Localizable.strings; sourceTree = "<group>"; };
		DC5183C0276728CF00BC7DE2 /* ListViewItem.xib */ = {isa = PBXFileReference; lastKnownFileType = file.xib; path = ListViewItem.xib; sourceTree = "<group>"; };
		DC5183C22767290D00BC7DE2 /* ListViewItem.swift */ = {isa = PBXFileReference; lastKnownFileType = sourcecode.swift; path = ListViewItem.swift; sourceTree = "<group>"; };
		DC621D492770B2D6000A3029 /* Global.swift */ = {isa = PBXFileReference; lastKnownFileType = sourcecode.swift; path = Global.swift; sourceTree = "<group>"; };
		DC621D4C2770B8DD000A3029 /* AuthenticationService.swift */ = {isa = PBXFileReference; lastKnownFileType = sourcecode.swift; path = AuthenticationService.swift; sourceTree = "<group>"; };
		DC621D5627710FBC000A3029 /* UIViewController+Extension.swift */ = {isa = PBXFileReference; lastKnownFileType = sourcecode.swift; path = "UIViewController+Extension.swift"; sourceTree = "<group>"; };
		DC8960A62771CBC300CF4196 /* RestApiHeaders.swift */ = {isa = PBXFileReference; lastKnownFileType = sourcecode.swift; path = RestApiHeaders.swift; sourceTree = "<group>"; };
		DC8960A827720B2C00CF4196 /* Models.swift */ = {isa = PBXFileReference; lastKnownFileType = sourcecode.swift; path = Models.swift; sourceTree = "<group>"; };
		DC8960AA27720D2B00CF4196 /* AlamofireManager.swift */ = {isa = PBXFileReference; lastKnownFileType = sourcecode.swift; path = AlamofireManager.swift; sourceTree = "<group>"; };
		DC8960AD2772270600CF4196 /* UserDataManager.swift */ = {isa = PBXFileReference; lastKnownFileType = sourcecode.swift; path = UserDataManager.swift; sourceTree = "<group>"; };
		DC923183279689C30009F355 /* LaunchScreenController.swift */ = {isa = PBXFileReference; lastKnownFileType = sourcecode.swift; path = LaunchScreenController.swift; sourceTree = "<group>"; };
		DC9E24E8278808260073CECF /* NetworkService.swift */ = {isa = PBXFileReference; lastKnownFileType = sourcecode.swift; path = NetworkService.swift; sourceTree = "<group>"; };
		DC9E24EA278B061A0073CECF /* CreateSessionViewController.swift */ = {isa = PBXFileReference; lastKnownFileType = sourcecode.swift; path = CreateSessionViewController.swift; sourceTree = "<group>"; };
		DC9E24EB278B061A0073CECF /* CreateSessionViewController.xib */ = {isa = PBXFileReference; lastKnownFileType = file.xib; path = CreateSessionViewController.xib; sourceTree = "<group>"; };
		DC9E24EE278B12D50073CECF /* SpinnerView.swift */ = {isa = PBXFileReference; lastKnownFileType = sourcecode.swift; path = SpinnerView.swift; sourceTree = "<group>"; };
		DCAC6A082785C46B003F0C98 /* UITableView+Extension.swift */ = {isa = PBXFileReference; lastKnownFileType = sourcecode.swift; path = "UITableView+Extension.swift"; sourceTree = "<group>"; };
		DCE60D972770894800C6F510 /* SessionListViewController.swift */ = {isa = PBXFileReference; lastKnownFileType = sourcecode.swift; path = SessionListViewController.swift; sourceTree = "<group>"; };
		DCE60D982770894800C6F510 /* SessionListViewController.xib */ = {isa = PBXFileReference; lastKnownFileType = file.xib; path = SessionListViewController.xib; sourceTree = "<group>"; };
		DCE60D9F277090FE00C6F510 /* SessionCallViewController.swift */ = {isa = PBXFileReference; lastKnownFileType = sourcecode.swift; path = SessionCallViewController.swift; sourceTree = "<group>"; };
		DCE60DA0277090FE00C6F510 /* SessionCallViewController.xib */ = {isa = PBXFileReference; lastKnownFileType = file.xib; path = SessionCallViewController.xib; sourceTree = "<group>"; };
/* End PBXFileReference section */

/* Begin PBXFrameworksBuildPhase section */
		DC3789EC273E8EB800BA0594 /* Frameworks */ = {
			isa = PBXFrameworksBuildPhase;
			buildActionMask = 2147483647;
			files = (
				92DA176190062F97508D6D49 /* Pods_sessions.framework in Frameworks */,
			);
			runOnlyForDeploymentPostprocessing = 0;
		};
		DC378A02273E8EBA00BA0594 /* Frameworks */ = {
			isa = PBXFrameworksBuildPhase;
			buildActionMask = 2147483647;
			files = (
				668BD3F5F45B9B9D9C32AA52 /* Pods_sessionsTests.framework in Frameworks */,
			);
			runOnlyForDeploymentPostprocessing = 0;
		};
		DC378A0D273E8EBA00BA0594 /* Frameworks */ = {
			isa = PBXFrameworksBuildPhase;
			buildActionMask = 2147483647;
			files = (
				473E9B10CF6414D81924D77F /* Pods_sessions_sessionsUITests.framework in Frameworks */,
			);
			runOnlyForDeploymentPostprocessing = 0;
		};
/* End PBXFrameworksBuildPhase section */

/* Begin PBXGroup section */
		6898D70536BD3D917AF638AD /* Pods */ = {
			isa = PBXGroup;
			children = (
				B9D857BAF440B3F82A242329 /* Pods-sessions.debug.xcconfig */,
				858E4A51227B08D2C3122228 /* Pods-sessions.release.xcconfig */,
				184F29554C37FDF573CEE6A0 /* Pods-sessions-sessionsUITests.debug.xcconfig */,
				69BD9B0FFAACAB8D7A760E00 /* Pods-sessions-sessionsUITests.release.xcconfig */,
				B567220CA6A4EF7A4ABCDDF4 /* Pods-sessionsTests.debug.xcconfig */,
				9012D480706A388F2A5BCC30 /* Pods-sessionsTests.release.xcconfig */,
			);
			path = Pods;
			sourceTree = "<group>";
		};
		7EED7AEA2934D7DF0085240F /* MessageView */ = {
			isa = PBXGroup;
			children = (
				7EED7AEB2934D7EB0085240F /* MessageView.swift */,
				7EED7AEF2934D9C30085240F /* MessageView.xib */,
			);
			path = MessageView;
			sourceTree = "<group>";
		};
		7EF1893A292637410039953C /* Call */ = {
			isa = PBXGroup;
			children = (
				DCE60DA0277090FE00C6F510 /* SessionCallViewController.xib */,
				DCE60D9F277090FE00C6F510 /* SessionCallViewController.swift */,
			);
			path = Call;
			sourceTree = "<group>";
		};
		7EF1893B292637640039953C /* CreateSession */ = {
			isa = PBXGroup;
			children = (
				DC9E24EB278B061A0073CECF /* CreateSessionViewController.xib */,
				DC9E24EA278B061A0073CECF /* CreateSessionViewController.swift */,
			);
			path = CreateSession;
			sourceTree = "<group>";
		};
		7EF1893C292637730039953C /* SessionList */ = {
			isa = PBXGroup;
			children = (
				DCE60D972770894800C6F510 /* SessionListViewController.swift */,
				DCE60D982770894800C6F510 /* SessionListViewController.xib */,
			);
			path = SessionList;
			sourceTree = "<group>";
		};
		7EF1893D292637800039953C /* Invite */ = {
			isa = PBXGroup;
			children = (
				7EF1893E292637980039953C /* InviteViewController.swift */,
				7EF18940292637EC0039953C /* InviteViewController.xib */,
			);
			path = Invite;
			sourceTree = "<group>";
		};
		883DF8DFD1A686F8465748C1 /* Frameworks */ = {
			isa = PBXGroup;
			children = (
				B5C557396B3F8C739497D523 /* Pods_sessions.framework */,
				0CAE9FFA252D0DDBDC448401 /* Pods_sessions_sessionsUITests.framework */,
				31638245ABF3AD8D21AD0F16 /* Pods_sessionsTests.framework */,
			);
			name = Frameworks;
			sourceTree = "<group>";
		};
		DC3789E6273E8EB800BA0594 = {
			isa = PBXGroup;
			children = (
				DC3789F1273E8EB800BA0594 /* sessions */,
				DC378A08273E8EBA00BA0594 /* sessionsTests */,
				DC378A13273E8EBA00BA0594 /* sessionsUITests */,
				DC3789F0273E8EB800BA0594 /* Products */,
				6898D70536BD3D917AF638AD /* Pods */,
				883DF8DFD1A686F8465748C1 /* Frameworks */,
			);
			sourceTree = "<group>";
		};
		DC3789F0273E8EB800BA0594 /* Products */ = {
			isa = PBXGroup;
			children = (
				DC3789EF273E8EB800BA0594 /* sessions.app */,
				DC378A05273E8EBA00BA0594 /* sessionsTests.xctest */,
				DC378A10273E8EBA00BA0594 /* sessionsUITests.xctest */,
			);
			name = Products;
			sourceTree = "<group>";
		};
		DC3789F1273E8EB800BA0594 /* sessions */ = {
			isa = PBXGroup;
			children = (
				DC378A00273E8EB900BA0594 /* Info.plist */,
				DC5183BE2767262000BC7DE2 /* Localizable.strings */,
				DC3789F2273E8EB800BA0594 /* AppDelegate.swift */,
				DC621D492770B2D6000A3029 /* Global.swift */,
				DC923183279689C30009F355 /* LaunchScreenController.swift */,
				DC3789F4273E8EB800BA0594 /* SceneDelegate.swift */,
				DC3789F6273E8EB800BA0594 /* LoginViewController.swift */,
				DC3789FB273E8EB900BA0594 /* Assets.xcassets */,
				DC5183BB2767251800BC7DE2 /* Common */,
				DC5183BA276724FE00BC7DE2 /* Extensions */,
				DC3789FD273E8EB900BA0594 /* LaunchScreen.storyboard */,
				DC3789F8273E8EB800BA0594 /* Main.storyboard */,
				DC621D4B2770B8C5000A3029 /* Services */,
				DC5183BC2767252300BC7DE2 /* UI Components */,
			);
			path = sessions;
			sourceTree = "<group>";
		};
		DC378A08273E8EBA00BA0594 /* sessionsTests */ = {
			isa = PBXGroup;
			children = (
				DC378A09273E8EBA00BA0594 /* sessionsTests.swift */,
				DC378A0B273E8EBA00BA0594 /* Info.plist */,
			);
			path = sessionsTests;
			sourceTree = "<group>";
		};
		DC378A13273E8EBA00BA0594 /* sessionsUITests */ = {
			isa = PBXGroup;
			children = (
				DC378A14273E8EBA00BA0594 /* sessionsUITests.swift */,
				DC378A16273E8EBA00BA0594 /* Info.plist */,
			);
			path = sessionsUITests;
			sourceTree = "<group>";
		};
		DC5183BA276724FE00BC7DE2 /* Extensions */ = {
			isa = PBXGroup;
			children = (
				DC4722C5276EF17600D7B45E /* String+Extension.swift */,
				DCAC6A082785C46B003F0C98 /* UITableView+Extension.swift */,
				DC621D5627710FBC000A3029 /* UIViewController+Extension.swift */,
				7EED7AED2934D8760085240F /* UIView+Extension.swift */,
			);
			path = Extensions;
			sourceTree = "<group>";
		};
		DC5183BB2767251800BC7DE2 /* Common */ = {
			isa = PBXGroup;
			children = (
				DC5183BD2767258800BC7DE2 /* Views */,
			);
			path = Common;
			sourceTree = "<group>";
		};
		DC5183BC2767252300BC7DE2 /* UI Components */ = {
			isa = PBXGroup;
			children = (
				DC5183C92767511C00BC7DE2 /* Views */,
				DC5183C82767510700BC7DE2 /* TableViewCells */,
			);
			path = "UI Components";
			sourceTree = "<group>";
		};
		DC5183BD2767258800BC7DE2 /* Views */ = {
			isa = PBXGroup;
			children = (
				7EED7AEA2934D7DF0085240F /* MessageView */,
				DC467A942743CD1A0025EBF3 /* PreviewView.swift */,
				DC9E24EE278B12D50073CECF /* SpinnerView.swift */,
				7E8ACEED2930DC95000A4F8D /* PaddingTextField.swift */,
			);
			path = Views;
			sourceTree = "<group>";
		};
		DC5183C82767510700BC7DE2 /* TableViewCells */ = {
			isa = PBXGroup;
			children = (
				DC5183C22767290D00BC7DE2 /* ListViewItem.swift */,
				DC5183C0276728CF00BC7DE2 /* ListViewItem.xib */,
			);
			path = TableViewCells;
			sourceTree = "<group>";
		};
		DC5183C92767511C00BC7DE2 /* Views */ = {
			isa = PBXGroup;
			children = (
				7EF1893D292637800039953C /* Invite */,
				7EF1893C292637730039953C /* SessionList */,
				7EF1893B292637640039953C /* CreateSession */,
				7EF1893A292637410039953C /* Call */,
			);
			path = Views;
			sourceTree = "<group>";
		};
		DC621D4B2770B8C5000A3029 /* Services */ = {
			isa = PBXGroup;
			children = (
				DC8960A827720B2C00CF4196 /* Models.swift */,
				DC8960A62771CBC300CF4196 /* RestApiHeaders.swift */,
				DC8960AA27720D2B00CF4196 /* AlamofireManager.swift */,
				DC8960AD2772270600CF4196 /* UserDataManager.swift */,
				DC621D4C2770B8DD000A3029 /* AuthenticationService.swift */,
				DC9E24E8278808260073CECF /* NetworkService.swift */,
				7E5A53FA28E31A53003A211F /* CaptureManager.swift */,
				7E5A53FC28E326D8003A211F /* CaptureClient.swift */,
			);
			path = Services;
			sourceTree = "<group>";
		};
/* End PBXGroup section */

/* Begin PBXNativeTarget section */
		DC3789EE273E8EB800BA0594 /* sessions */ = {
			isa = PBXNativeTarget;
			buildConfigurationList = DC378A19273E8EBA00BA0594 /* Build configuration list for PBXNativeTarget "sessions" */;
			buildPhases = (
				872E7E961BA1F8A36EB6F024 /* [CP] Check Pods Manifest.lock */,
				DC5183C627674E1C00BC7DE2 /* Run SwiftFormatter */,
				DC3789EB273E8EB800BA0594 /* Sources */,
				DC3789EC273E8EB800BA0594 /* Frameworks */,
				DC3789ED273E8EB800BA0594 /* Resources */,
				DCCADC7C277284C30067BDA8 /* Embed Frameworks */,
				C92F5AA42BC15820DB730279 /* [CP] Embed Pods Frameworks */,
			);
			buildRules = (
			);
			dependencies = (
			);
			name = sessions;
			productName = sessions;
			productReference = DC3789EF273E8EB800BA0594 /* sessions.app */;
			productType = "com.apple.product-type.application";
		};
		DC378A04273E8EBA00BA0594 /* sessionsTests */ = {
			isa = PBXNativeTarget;
			buildConfigurationList = DC378A1C273E8EBA00BA0594 /* Build configuration list for PBXNativeTarget "sessionsTests" */;
			buildPhases = (
				7EA1109B46413A28BA955C92 /* [CP] Check Pods Manifest.lock */,
				DC378A01273E8EBA00BA0594 /* Sources */,
				DC378A02273E8EBA00BA0594 /* Frameworks */,
				DC378A03273E8EBA00BA0594 /* Resources */,
			);
			buildRules = (
			);
			dependencies = (
				DC378A07273E8EBA00BA0594 /* PBXTargetDependency */,
			);
			name = sessionsTests;
			productName = sessionsTests;
			productReference = DC378A05273E8EBA00BA0594 /* sessionsTests.xctest */;
			productType = "com.apple.product-type.bundle.unit-test";
		};
		DC378A0F273E8EBA00BA0594 /* sessionsUITests */ = {
			isa = PBXNativeTarget;
			buildConfigurationList = DC378A1F273E8EBA00BA0594 /* Build configuration list for PBXNativeTarget "sessionsUITests" */;
			buildPhases = (
				2B5F3677B1BCC3C74A0D4E7D /* [CP] Check Pods Manifest.lock */,
				DC378A0C273E8EBA00BA0594 /* Sources */,
				DC378A0D273E8EBA00BA0594 /* Frameworks */,
				DC378A0E273E8EBA00BA0594 /* Resources */,
				E0B38CE9D0A7476877681C2B /* [CP] Embed Pods Frameworks */,
			);
			buildRules = (
			);
			dependencies = (
				DC378A12273E8EBA00BA0594 /* PBXTargetDependency */,
			);
			name = sessionsUITests;
			productName = sessionsUITests;
			productReference = DC378A10273E8EBA00BA0594 /* sessionsUITests.xctest */;
			productType = "com.apple.product-type.bundle.ui-testing";
		};
/* End PBXNativeTarget section */

/* Begin PBXProject section */
		DC3789E7273E8EB800BA0594 /* Project object */ = {
			isa = PBXProject;
			attributes = {
				LastSwiftUpdateCheck = 1250;
				LastUpgradeCheck = 1250;
				TargetAttributes = {
					DC3789EE273E8EB800BA0594 = {
						CreatedOnToolsVersion = 12.5.1;
					};
					DC378A04273E8EBA00BA0594 = {
						CreatedOnToolsVersion = 12.5.1;
						TestTargetID = DC3789EE273E8EB800BA0594;
					};
					DC378A0F273E8EBA00BA0594 = {
						CreatedOnToolsVersion = 12.5.1;
						TestTargetID = DC3789EE273E8EB800BA0594;
					};
				};
			};
			buildConfigurationList = DC3789EA273E8EB800BA0594 /* Build configuration list for PBXProject "sessions" */;
			compatibilityVersion = "Xcode 9.3";
			developmentRegion = en;
			hasScannedForEncodings = 0;
			knownRegions = (
				en,
				Base,
			);
			mainGroup = DC3789E6273E8EB800BA0594;
			productRefGroup = DC3789F0273E8EB800BA0594 /* Products */;
			projectDirPath = "";
			projectRoot = "";
			targets = (
				DC3789EE273E8EB800BA0594 /* sessions */,
				DC378A04273E8EBA00BA0594 /* sessionsTests */,
				DC378A0F273E8EBA00BA0594 /* sessionsUITests */,
			);
		};
/* End PBXProject section */

/* Begin PBXResourcesBuildPhase section */
		DC3789ED273E8EB800BA0594 /* Resources */ = {
			isa = PBXResourcesBuildPhase;
			buildActionMask = 2147483647;
			files = (
				DC3789FF273E8EB900BA0594 /* LaunchScreen.storyboard in Resources */,
				7EF18941292637EC0039953C /* InviteViewController.xib in Resources */,
				7EED7AF02934D9C30085240F /* MessageView.xib in Resources */,
				DC3789FC273E8EB900BA0594 /* Assets.xcassets in Resources */,
				DC5183C1276728CF00BC7DE2 /* ListViewItem.xib in Resources */,
				DCE60D9A2770894800C6F510 /* SessionListViewController.xib in Resources */,
				DCE60DA2277090FE00C6F510 /* SessionCallViewController.xib in Resources */,
				DC3789FA273E8EB800BA0594 /* Main.storyboard in Resources */,
				DC5183BF2767262000BC7DE2 /* Localizable.strings in Resources */,
				DC9E24ED278B061A0073CECF /* CreateSessionViewController.xib in Resources */,
			);
			runOnlyForDeploymentPostprocessing = 0;
		};
		DC378A03273E8EBA00BA0594 /* Resources */ = {
			isa = PBXResourcesBuildPhase;
			buildActionMask = 2147483647;
			files = (
			);
			runOnlyForDeploymentPostprocessing = 0;
		};
		DC378A0E273E8EBA00BA0594 /* Resources */ = {
			isa = PBXResourcesBuildPhase;
			buildActionMask = 2147483647;
			files = (
			);
			runOnlyForDeploymentPostprocessing = 0;
		};
/* End PBXResourcesBuildPhase section */

/* Begin PBXShellScriptBuildPhase section */
		2B5F3677B1BCC3C74A0D4E7D /* [CP] Check Pods Manifest.lock */ = {
			isa = PBXShellScriptBuildPhase;
			buildActionMask = 2147483647;
			files = (
			);
			inputFileListPaths = (
			);
			inputPaths = (
				"${PODS_PODFILE_DIR_PATH}/Podfile.lock",
				"${PODS_ROOT}/Manifest.lock",
			);
			name = "[CP] Check Pods Manifest.lock";
			outputFileListPaths = (
			);
			outputPaths = (
				"$(DERIVED_FILE_DIR)/Pods-sessions-sessionsUITests-checkManifestLockResult.txt",
			);
			runOnlyForDeploymentPostprocessing = 0;
			shellPath = /bin/sh;
			shellScript = "diff \"${PODS_PODFILE_DIR_PATH}/Podfile.lock\" \"${PODS_ROOT}/Manifest.lock\" > /dev/null\nif [ $? != 0 ] ; then\n    # print error to STDERR\n    echo \"error: The sandbox is not in sync with the Podfile.lock. Run 'pod install' or update your CocoaPods installation.\" >&2\n    exit 1\nfi\n# This output is used by Xcode 'outputs' to avoid re-running this script phase.\necho \"SUCCESS\" > \"${SCRIPT_OUTPUT_FILE_0}\"\n";
			showEnvVarsInLog = 0;
		};
		7EA1109B46413A28BA955C92 /* [CP] Check Pods Manifest.lock */ = {
			isa = PBXShellScriptBuildPhase;
			buildActionMask = 2147483647;
			files = (
			);
			inputFileListPaths = (
			);
			inputPaths = (
				"${PODS_PODFILE_DIR_PATH}/Podfile.lock",
				"${PODS_ROOT}/Manifest.lock",
			);
			name = "[CP] Check Pods Manifest.lock";
			outputFileListPaths = (
			);
			outputPaths = (
				"$(DERIVED_FILE_DIR)/Pods-sessionsTests-checkManifestLockResult.txt",
			);
			runOnlyForDeploymentPostprocessing = 0;
			shellPath = /bin/sh;
			shellScript = "diff \"${PODS_PODFILE_DIR_PATH}/Podfile.lock\" \"${PODS_ROOT}/Manifest.lock\" > /dev/null\nif [ $? != 0 ] ; then\n    # print error to STDERR\n    echo \"error: The sandbox is not in sync with the Podfile.lock. Run 'pod install' or update your CocoaPods installation.\" >&2\n    exit 1\nfi\n# This output is used by Xcode 'outputs' to avoid re-running this script phase.\necho \"SUCCESS\" > \"${SCRIPT_OUTPUT_FILE_0}\"\n";
			showEnvVarsInLog = 0;
		};
		872E7E961BA1F8A36EB6F024 /* [CP] Check Pods Manifest.lock */ = {
			isa = PBXShellScriptBuildPhase;
			buildActionMask = 2147483647;
			files = (
			);
			inputFileListPaths = (
			);
			inputPaths = (
				"${PODS_PODFILE_DIR_PATH}/Podfile.lock",
				"${PODS_ROOT}/Manifest.lock",
			);
			name = "[CP] Check Pods Manifest.lock";
			outputFileListPaths = (
			);
			outputPaths = (
				"$(DERIVED_FILE_DIR)/Pods-sessions-checkManifestLockResult.txt",
			);
			runOnlyForDeploymentPostprocessing = 0;
			shellPath = /bin/sh;
			shellScript = "diff \"${PODS_PODFILE_DIR_PATH}/Podfile.lock\" \"${PODS_ROOT}/Manifest.lock\" > /dev/null\nif [ $? != 0 ] ; then\n    # print error to STDERR\n    echo \"error: The sandbox is not in sync with the Podfile.lock. Run 'pod install' or update your CocoaPods installation.\" >&2\n    exit 1\nfi\n# This output is used by Xcode 'outputs' to avoid re-running this script phase.\necho \"SUCCESS\" > \"${SCRIPT_OUTPUT_FILE_0}\"\n";
			showEnvVarsInLog = 0;
		};
		C92F5AA42BC15820DB730279 /* [CP] Embed Pods Frameworks */ = {
			isa = PBXShellScriptBuildPhase;
			buildActionMask = 2147483647;
			files = (
			);
			inputFileListPaths = (
				"${PODS_ROOT}/Target Support Files/Pods-sessions/Pods-sessions-frameworks-${CONFIGURATION}-input-files.xcfilelist",
			);
			name = "[CP] Embed Pods Frameworks";
			outputFileListPaths = (
				"${PODS_ROOT}/Target Support Files/Pods-sessions/Pods-sessions-frameworks-${CONFIGURATION}-output-files.xcfilelist",
			);
			runOnlyForDeploymentPostprocessing = 0;
			shellPath = /bin/sh;
			shellScript = "\"${PODS_ROOT}/Target Support Files/Pods-sessions/Pods-sessions-frameworks.sh\"\n";
			showEnvVarsInLog = 0;
		};
		DC5183C627674E1C00BC7DE2 /* Run SwiftFormatter */ = {
			isa = PBXShellScriptBuildPhase;
			buildActionMask = 2147483647;
			files = (
			);
			inputFileListPaths = (
			);
			inputPaths = (
			);
			name = "Run SwiftFormatter";
			outputFileListPaths = (
			);
			outputPaths = (
			);
			runOnlyForDeploymentPostprocessing = 0;
			shellPath = /bin/sh;
			shellScript = "if [ -f \"${PODS_ROOT}/SwiftFormat/CommandLineTool/swiftformat\" ]; then\n \n  \"${PODS_ROOT}/SwiftFormat/CommandLineTool/swiftformat\" \"$SRCROOT\"\nelse\n  echo \"warning: SwiftFormat not installed, download from https://github.com/nicklockwood/SwiftFormat\"\nfi\n";
		};
		E0B38CE9D0A7476877681C2B /* [CP] Embed Pods Frameworks */ = {
			isa = PBXShellScriptBuildPhase;
			buildActionMask = 2147483647;
			files = (
			);
			inputFileListPaths = (
				"${PODS_ROOT}/Target Support Files/Pods-sessions-sessionsUITests/Pods-sessions-sessionsUITests-frameworks-${CONFIGURATION}-input-files.xcfilelist",
			);
			name = "[CP] Embed Pods Frameworks";
			outputFileListPaths = (
				"${PODS_ROOT}/Target Support Files/Pods-sessions-sessionsUITests/Pods-sessions-sessionsUITests-frameworks-${CONFIGURATION}-output-files.xcfilelist",
			);
			runOnlyForDeploymentPostprocessing = 0;
			shellPath = /bin/sh;
			shellScript = "\"${PODS_ROOT}/Target Support Files/Pods-sessions-sessionsUITests/Pods-sessions-sessionsUITests-frameworks.sh\"\n";
			showEnvVarsInLog = 0;
		};
/* End PBXShellScriptBuildPhase section */

/* Begin PBXSourcesBuildPhase section */
		DC3789EB273E8EB800BA0594 /* Sources */ = {
			isa = PBXSourcesBuildPhase;
			buildActionMask = 2147483647;
			files = (
				DC4722C6276EF17600D7B45E /* String+Extension.swift in Sources */,
				7E8ACEEE2930DC95000A4F8D /* PaddingTextField.swift in Sources */,
				7E5A53FD28E326D8003A211F /* CaptureClient.swift in Sources */,
				DC8960A927720B2C00CF4196 /* Models.swift in Sources */,
				7EF1893F292637980039953C /* InviteViewController.swift in Sources */,
				DC923184279689C30009F355 /* LaunchScreenController.swift in Sources */,
				DC8960AE2772270600CF4196 /* UserDataManager.swift in Sources */,
				DC621D5727710FBC000A3029 /* UIViewController+Extension.swift in Sources */,
				DC3789F7273E8EB800BA0594 /* LoginViewController.swift in Sources */,
				DC9E24E9278808260073CECF /* NetworkService.swift in Sources */,
				DC8960A72771CBC300CF4196 /* RestApiHeaders.swift in Sources */,
				DC5183C32767290D00BC7DE2 /* ListViewItem.swift in Sources */,
				DCE60D992770894800C6F510 /* SessionListViewController.swift in Sources */,
				DC9E24EF278B12D50073CECF /* SpinnerView.swift in Sources */,
				7EED7AEE2934D8760085240F /* UIView+Extension.swift in Sources */,
				DC467A952743CD1A0025EBF3 /* PreviewView.swift in Sources */,
				DC3789F3273E8EB800BA0594 /* AppDelegate.swift in Sources */,
				DC3789F5273E8EB800BA0594 /* SceneDelegate.swift in Sources */,
				DCE60DA1277090FE00C6F510 /* SessionCallViewController.swift in Sources */,
				7E5A53FB28E31A53003A211F /* CaptureManager.swift in Sources */,
				DC621D4A2770B2D6000A3029 /* Global.swift in Sources */,
				DC8960AB27720D2B00CF4196 /* AlamofireManager.swift in Sources */,
				DC621D4D2770B8DD000A3029 /* AuthenticationService.swift in Sources */,
				DCAC6A092785C46B003F0C98 /* UITableView+Extension.swift in Sources */,
				DC9E24EC278B061A0073CECF /* CreateSessionViewController.swift in Sources */,
				7EED7AEC2934D7EB0085240F /* MessageView.swift in Sources */,
			);
			runOnlyForDeploymentPostprocessing = 0;
		};
		DC378A01273E8EBA00BA0594 /* Sources */ = {
			isa = PBXSourcesBuildPhase;
			buildActionMask = 2147483647;
			files = (
				DC378A0A273E8EBA00BA0594 /* sessionsTests.swift in Sources */,
			);
			runOnlyForDeploymentPostprocessing = 0;
		};
		DC378A0C273E8EBA00BA0594 /* Sources */ = {
			isa = PBXSourcesBuildPhase;
			buildActionMask = 2147483647;
			files = (
				DC378A15273E8EBA00BA0594 /* sessionsUITests.swift in Sources */,
			);
			runOnlyForDeploymentPostprocessing = 0;
		};
/* End PBXSourcesBuildPhase section */

/* Begin PBXTargetDependency section */
		DC378A07273E8EBA00BA0594 /* PBXTargetDependency */ = {
			isa = PBXTargetDependency;
			target = DC3789EE273E8EB800BA0594 /* sessions */;
			targetProxy = DC378A06273E8EBA00BA0594 /* PBXContainerItemProxy */;
		};
		DC378A12273E8EBA00BA0594 /* PBXTargetDependency */ = {
			isa = PBXTargetDependency;
			target = DC3789EE273E8EB800BA0594 /* sessions */;
			targetProxy = DC378A11273E8EBA00BA0594 /* PBXContainerItemProxy */;
		};
/* End PBXTargetDependency section */

/* Begin PBXVariantGroup section */
		DC3789F8273E8EB800BA0594 /* Main.storyboard */ = {
			isa = PBXVariantGroup;
			children = (
				DC3789F9273E8EB800BA0594 /* Base */,
			);
			name = Main.storyboard;
			sourceTree = "<group>";
		};
		DC3789FD273E8EB900BA0594 /* LaunchScreen.storyboard */ = {
			isa = PBXVariantGroup;
			children = (
				DC3789FE273E8EB900BA0594 /* Base */,
			);
			name = LaunchScreen.storyboard;
			sourceTree = "<group>";
		};
/* End PBXVariantGroup section */

/* Begin XCBuildConfiguration section */
		DC378A17273E8EBA00BA0594 /* Debug */ = {
			isa = XCBuildConfiguration;
			buildSettings = {
				ALWAYS_SEARCH_USER_PATHS = NO;
				CLANG_ANALYZER_NONNULL = YES;
				CLANG_ANALYZER_NUMBER_OBJECT_CONVERSION = YES_AGGRESSIVE;
				CLANG_CXX_LANGUAGE_STANDARD = "gnu++14";
				CLANG_CXX_LIBRARY = "libc++";
				CLANG_ENABLE_MODULES = YES;
				CLANG_ENABLE_OBJC_ARC = YES;
				CLANG_ENABLE_OBJC_WEAK = YES;
				CLANG_WARN_BLOCK_CAPTURE_AUTORELEASING = YES;
				CLANG_WARN_BOOL_CONVERSION = YES;
				CLANG_WARN_COMMA = YES;
				CLANG_WARN_CONSTANT_CONVERSION = YES;
				CLANG_WARN_DEPRECATED_OBJC_IMPLEMENTATIONS = YES;
				CLANG_WARN_DIRECT_OBJC_ISA_USAGE = YES_ERROR;
				CLANG_WARN_DOCUMENTATION_COMMENTS = YES;
				CLANG_WARN_EMPTY_BODY = YES;
				CLANG_WARN_ENUM_CONVERSION = YES;
				CLANG_WARN_INFINITE_RECURSION = YES;
				CLANG_WARN_INT_CONVERSION = YES;
				CLANG_WARN_NON_LITERAL_NULL_CONVERSION = YES;
				CLANG_WARN_OBJC_IMPLICIT_RETAIN_SELF = YES;
				CLANG_WARN_OBJC_LITERAL_CONVERSION = YES;
				CLANG_WARN_OBJC_ROOT_CLASS = YES_ERROR;
				CLANG_WARN_QUOTED_INCLUDE_IN_FRAMEWORK_HEADER = YES;
				CLANG_WARN_RANGE_LOOP_ANALYSIS = YES;
				CLANG_WARN_STRICT_PROTOTYPES = YES;
				CLANG_WARN_SUSPICIOUS_MOVE = YES;
				CLANG_WARN_UNGUARDED_AVAILABILITY = YES_AGGRESSIVE;
				CLANG_WARN_UNREACHABLE_CODE = YES;
				CLANG_WARN__DUPLICATE_METHOD_MATCH = YES;
				COPY_PHASE_STRIP = NO;
				DEBUG_INFORMATION_FORMAT = dwarf;
				ENABLE_STRICT_OBJC_MSGSEND = YES;
				ENABLE_TESTABILITY = YES;
				GCC_C_LANGUAGE_STANDARD = gnu11;
				GCC_DYNAMIC_NO_PIC = NO;
				GCC_NO_COMMON_BLOCKS = YES;
				GCC_OPTIMIZATION_LEVEL = 0;
				GCC_PREPROCESSOR_DEFINITIONS = (
					"DEBUG=1",
					"$(inherited)",
				);
				GCC_WARN_64_TO_32_BIT_CONVERSION = YES;
				GCC_WARN_ABOUT_RETURN_TYPE = YES_ERROR;
				GCC_WARN_UNDECLARED_SELECTOR = YES;
				GCC_WARN_UNINITIALIZED_AUTOS = YES_AGGRESSIVE;
				GCC_WARN_UNUSED_FUNCTION = YES;
				GCC_WARN_UNUSED_VARIABLE = YES;
				IPHONEOS_DEPLOYMENT_TARGET = 14.5;
				MTL_ENABLE_DEBUG_INFO = INCLUDE_SOURCE;
				MTL_FAST_MATH = YES;
				ONLY_ACTIVE_ARCH = YES;
				SDKROOT = iphoneos;
				SWIFT_ACTIVE_COMPILATION_CONDITIONS = DEBUG;
				SWIFT_OPTIMIZATION_LEVEL = "-Onone";
			};
			name = Debug;
		};
		DC378A18273E8EBA00BA0594 /* Release */ = {
			isa = XCBuildConfiguration;
			buildSettings = {
				ALWAYS_SEARCH_USER_PATHS = NO;
				CLANG_ANALYZER_NONNULL = YES;
				CLANG_ANALYZER_NUMBER_OBJECT_CONVERSION = YES_AGGRESSIVE;
				CLANG_CXX_LANGUAGE_STANDARD = "gnu++14";
				CLANG_CXX_LIBRARY = "libc++";
				CLANG_ENABLE_MODULES = YES;
				CLANG_ENABLE_OBJC_ARC = YES;
				CLANG_ENABLE_OBJC_WEAK = YES;
				CLANG_WARN_BLOCK_CAPTURE_AUTORELEASING = YES;
				CLANG_WARN_BOOL_CONVERSION = YES;
				CLANG_WARN_COMMA = YES;
				CLANG_WARN_CONSTANT_CONVERSION = YES;
				CLANG_WARN_DEPRECATED_OBJC_IMPLEMENTATIONS = YES;
				CLANG_WARN_DIRECT_OBJC_ISA_USAGE = YES_ERROR;
				CLANG_WARN_DOCUMENTATION_COMMENTS = YES;
				CLANG_WARN_EMPTY_BODY = YES;
				CLANG_WARN_ENUM_CONVERSION = YES;
				CLANG_WARN_INFINITE_RECURSION = YES;
				CLANG_WARN_INT_CONVERSION = YES;
				CLANG_WARN_NON_LITERAL_NULL_CONVERSION = YES;
				CLANG_WARN_OBJC_IMPLICIT_RETAIN_SELF = YES;
				CLANG_WARN_OBJC_LITERAL_CONVERSION = YES;
				CLANG_WARN_OBJC_ROOT_CLASS = YES_ERROR;
				CLANG_WARN_QUOTED_INCLUDE_IN_FRAMEWORK_HEADER = YES;
				CLANG_WARN_RANGE_LOOP_ANALYSIS = YES;
				CLANG_WARN_STRICT_PROTOTYPES = YES;
				CLANG_WARN_SUSPICIOUS_MOVE = YES;
				CLANG_WARN_UNGUARDED_AVAILABILITY = YES_AGGRESSIVE;
				CLANG_WARN_UNREACHABLE_CODE = YES;
				CLANG_WARN__DUPLICATE_METHOD_MATCH = YES;
				COPY_PHASE_STRIP = NO;
				DEBUG_INFORMATION_FORMAT = "dwarf-with-dsym";
				ENABLE_NS_ASSERTIONS = NO;
				ENABLE_STRICT_OBJC_MSGSEND = YES;
				GCC_C_LANGUAGE_STANDARD = gnu11;
				GCC_NO_COMMON_BLOCKS = YES;
				GCC_WARN_64_TO_32_BIT_CONVERSION = YES;
				GCC_WARN_ABOUT_RETURN_TYPE = YES_ERROR;
				GCC_WARN_UNDECLARED_SELECTOR = YES;
				GCC_WARN_UNINITIALIZED_AUTOS = YES_AGGRESSIVE;
				GCC_WARN_UNUSED_FUNCTION = YES;
				GCC_WARN_UNUSED_VARIABLE = YES;
				IPHONEOS_DEPLOYMENT_TARGET = 14.5;
				MTL_ENABLE_DEBUG_INFO = NO;
				MTL_FAST_MATH = YES;
				SDKROOT = iphoneos;
				SWIFT_COMPILATION_MODE = wholemodule;
				SWIFT_OPTIMIZATION_LEVEL = "-O";
				VALIDATE_PRODUCT = YES;
			};
			name = Release;
		};
		DC378A1A273E8EBA00BA0594 /* Debug */ = {
			isa = XCBuildConfiguration;
			baseConfigurationReference = B9D857BAF440B3F82A242329 /* Pods-sessions.debug.xcconfig */;
			buildSettings = {
				ASSETCATALOG_COMPILER_APPICON_NAME = AppIcon;
				ASSETCATALOG_COMPILER_GLOBAL_ACCENT_COLOR_NAME = AccentColor;
				CODE_SIGN_STYLE = Automatic;
				DEVELOPMENT_TEAM = SY8Q6736C7;
				ENABLE_BITCODE = NO;
				FRAMEWORK_SEARCH_PATHS = (
					"$(inherited)",
					"\"${PODS_CONFIGURATION_BUILD_DIR}/Alamofire\"",
					"\"${PODS_CONFIGURATION_BUILD_DIR}/AlamofireImage\"",
					"\"${PODS_CONFIGURATION_BUILD_DIR}/CocoaLumberjack\"",
					"\"${PODS_CONFIGURATION_BUILD_DIR}/SwiftyJSON\"",
				);
				INFOPLIST_FILE = sessions/Info.plist;
				IPHONEOS_DEPLOYMENT_TARGET = 13.0;
				LD_RUNPATH_SEARCH_PATHS = (
					"$(inherited)",
					"@executable_path/Frameworks",
				);
				PRODUCT_BUNDLE_IDENTIFIER = buzz.getcoco.sessions;
				PRODUCT_NAME = "$(TARGET_NAME)";
				SWIFT_VERSION = 5.0;
				TARGETED_DEVICE_FAMILY = "1,2";
			};
			name = Debug;
		};
		DC378A1B273E8EBA00BA0594 /* Release */ = {
			isa = XCBuildConfiguration;
			baseConfigurationReference = 858E4A51227B08D2C3122228 /* Pods-sessions.release.xcconfig */;
			buildSettings = {
				ASSETCATALOG_COMPILER_APPICON_NAME = AppIcon;
				ASSETCATALOG_COMPILER_GLOBAL_ACCENT_COLOR_NAME = AccentColor;
				CODE_SIGN_STYLE = Automatic;
				DEVELOPMENT_TEAM = SY8Q6736C7;
				ENABLE_BITCODE = NO;
				FRAMEWORK_SEARCH_PATHS = (
					"$(inherited)",
					"\"${PODS_CONFIGURATION_BUILD_DIR}/Alamofire\"",
					"\"${PODS_CONFIGURATION_BUILD_DIR}/AlamofireImage\"",
					"\"${PODS_CONFIGURATION_BUILD_DIR}/CocoaLumberjack\"",
					"\"${PODS_CONFIGURATION_BUILD_DIR}/SwiftyJSON\"",
				);
				INFOPLIST_FILE = sessions/Info.plist;
				IPHONEOS_DEPLOYMENT_TARGET = 13.0;
				LD_RUNPATH_SEARCH_PATHS = (
					"$(inherited)",
					"@executable_path/Frameworks",
				);
				PRODUCT_BUNDLE_IDENTIFIER = buzz.getcoco.sessions;
				PRODUCT_NAME = "$(TARGET_NAME)";
				SWIFT_VERSION = 5.0;
				TARGETED_DEVICE_FAMILY = "1,2";
			};
			name = Release;
		};
		DC378A1D273E8EBA00BA0594 /* Debug */ = {
			isa = XCBuildConfiguration;
			baseConfigurationReference = B567220CA6A4EF7A4ABCDDF4 /* Pods-sessionsTests.debug.xcconfig */;
			buildSettings = {
				ALWAYS_EMBED_SWIFT_STANDARD_LIBRARIES = YES;
				BUNDLE_LOADER = "$(TEST_HOST)";
				CODE_SIGN_STYLE = Automatic;
				DEVELOPMENT_TEAM = SY8Q6736C7;
				INFOPLIST_FILE = sessionsTests/Info.plist;
				IPHONEOS_DEPLOYMENT_TARGET = 14.5;
				LD_RUNPATH_SEARCH_PATHS = (
					"$(inherited)",
					"@executable_path/Frameworks",
					"@loader_path/Frameworks",
				);
				PRODUCT_BUNDLE_IDENTIFIER = buzz.getcoco.sessionsTests;
				PRODUCT_NAME = "$(TARGET_NAME)";
				SWIFT_VERSION = 5.0;
				TARGETED_DEVICE_FAMILY = "1,2";
				TEST_HOST = "$(BUILT_PRODUCTS_DIR)/sessions.app/sessions";
			};
			name = Debug;
		};
		DC378A1E273E8EBA00BA0594 /* Release */ = {
			isa = XCBuildConfiguration;
			baseConfigurationReference = 9012D480706A388F2A5BCC30 /* Pods-sessionsTests.release.xcconfig */;
			buildSettings = {
				ALWAYS_EMBED_SWIFT_STANDARD_LIBRARIES = YES;
				BUNDLE_LOADER = "$(TEST_HOST)";
				CODE_SIGN_STYLE = Automatic;
				DEVELOPMENT_TEAM = SY8Q6736C7;
				INFOPLIST_FILE = sessionsTests/Info.plist;
				IPHONEOS_DEPLOYMENT_TARGET = 14.5;
				LD_RUNPATH_SEARCH_PATHS = (
					"$(inherited)",
					"@executable_path/Frameworks",
					"@loader_path/Frameworks",
				);
				PRODUCT_BUNDLE_IDENTIFIER = buzz.getcoco.sessionsTests;
				PRODUCT_NAME = "$(TARGET_NAME)";
				SWIFT_VERSION = 5.0;
				TARGETED_DEVICE_FAMILY = "1,2";
				TEST_HOST = "$(BUILT_PRODUCTS_DIR)/sessions.app/sessions";
			};
			name = Release;
		};
		DC378A20273E8EBA00BA0594 /* Debug */ = {
			isa = XCBuildConfiguration;
			baseConfigurationReference = 184F29554C37FDF573CEE6A0 /* Pods-sessions-sessionsUITests.debug.xcconfig */;
			buildSettings = {
				ALWAYS_EMBED_SWIFT_STANDARD_LIBRARIES = YES;
				CODE_SIGN_STYLE = Automatic;
				DEVELOPMENT_TEAM = SY8Q6736C7;
				INFOPLIST_FILE = sessionsUITests/Info.plist;
				LD_RUNPATH_SEARCH_PATHS = (
					"$(inherited)",
					"@executable_path/Frameworks",
					"@loader_path/Frameworks",
				);
				PRODUCT_BUNDLE_IDENTIFIER = buzz.getcoco.sessionsUITests;
				PRODUCT_NAME = "$(TARGET_NAME)";
				SWIFT_VERSION = 5.0;
				TARGETED_DEVICE_FAMILY = "1,2";
				TEST_TARGET_NAME = sessions;
			};
			name = Debug;
		};
		DC378A21273E8EBA00BA0594 /* Release */ = {
			isa = XCBuildConfiguration;
			baseConfigurationReference = 69BD9B0FFAACAB8D7A760E00 /* Pods-sessions-sessionsUITests.release.xcconfig */;
			buildSettings = {
				ALWAYS_EMBED_SWIFT_STANDARD_LIBRARIES = YES;
				CODE_SIGN_STYLE = Automatic;
				DEVELOPMENT_TEAM = SY8Q6736C7;
				INFOPLIST_FILE = sessionsUITests/Info.plist;
				LD_RUNPATH_SEARCH_PATHS = (
					"$(inherited)",
					"@executable_path/Frameworks",
					"@loader_path/Frameworks",
				);
				PRODUCT_BUNDLE_IDENTIFIER = buzz.getcoco.sessionsUITests;
				PRODUCT_NAME = "$(TARGET_NAME)";
				SWIFT_VERSION = 5.0;
				TARGETED_DEVICE_FAMILY = "1,2";
				TEST_TARGET_NAME = sessions;
			};
			name = Release;
		};
/* End XCBuildConfiguration section */

/* Begin XCConfigurationList section */
		DC3789EA273E8EB800BA0594 /* Build configuration list for PBXProject "sessions" */ = {
			isa = XCConfigurationList;
			buildConfigurations = (
				DC378A17273E8EBA00BA0594 /* Debug */,
				DC378A18273E8EBA00BA0594 /* Release */,
			);
			defaultConfigurationIsVisible = 0;
			defaultConfigurationName = Release;
		};
		DC378A19273E8EBA00BA0594 /* Build configuration list for PBXNativeTarget "sessions" */ = {
			isa = XCConfigurationList;
			buildConfigurations = (
				DC378A1A273E8EBA00BA0594 /* Debug */,
				DC378A1B273E8EBA00BA0594 /* Release */,
			);
			defaultConfigurationIsVisible = 0;
			defaultConfigurationName = Release;
		};
		DC378A1C273E8EBA00BA0594 /* Build configuration list for PBXNativeTarget "sessionsTests" */ = {
			isa = XCConfigurationList;
			buildConfigurations = (
				DC378A1D273E8EBA00BA0594 /* Debug */,
				DC378A1E273E8EBA00BA0594 /* Release */,
			);
			defaultConfigurationIsVisible = 0;
			defaultConfigurationName = Release;
		};
		DC378A1F273E8EBA00BA0594 /* Build configuration list for PBXNativeTarget "sessionsUITests" */ = {
			isa = XCConfigurationList;
			buildConfigurations = (
				DC378A20273E8EBA00BA0594 /* Debug */,
				DC378A21273E8EBA00BA0594 /* Release */,
			);
			defaultConfigurationIsVisible = 0;
			defaultConfigurationName = Release;
		};
/* End XCConfigurationList section */
	};
	rootObject = DC3789E7273E8EB800BA0594 /* Project object */;
}
